// !$*UTF8*$!
{
	archiveVersion = 1;
	classes = {
	};
	objectVersion = 50;
	objects = {

/* Begin PBXBuildFile section */
		322268F225BC4C030088F8DD /* AppDelegate.swift in Sources */ = {isa = PBXBuildFile; fileRef = 322268F125BC4C030088F8DD /* AppDelegate.swift */; };
		322268F425BC4C030088F8DD /* SceneDelegate.swift in Sources */ = {isa = PBXBuildFile; fileRef = 322268F325BC4C030088F8DD /* SceneDelegate.swift */; };
		322268F625BC4C030088F8DD /* ViewController.swift in Sources */ = {isa = PBXBuildFile; fileRef = 322268F525BC4C030088F8DD /* ViewController.swift */; };
		322268F925BC4C030088F8DD /* Main.storyboard in Resources */ = {isa = PBXBuildFile; fileRef = 322268F725BC4C030088F8DD /* Main.storyboard */; };
		322268FB25BC4C040088F8DD /* Assets.xcassets in Resources */ = {isa = PBXBuildFile; fileRef = 322268FA25BC4C040088F8DD /* Assets.xcassets */; };
		322268FE25BC4C040088F8DD /* LaunchScreen.storyboard in Resources */ = {isa = PBXBuildFile; fileRef = 322268FC25BC4C040088F8DD /* LaunchScreen.storyboard */; };
		3222690925BC4C040088F8DD /* PokedexTests.swift in Sources */ = {isa = PBXBuildFile; fileRef = 3222690825BC4C040088F8DD /* PokedexTests.swift */; };
		3222691425BC4C040088F8DD /* PokedexUITests.swift in Sources */ = {isa = PBXBuildFile; fileRef = 3222691325BC4C040088F8DD /* PokedexUITests.swift */; };
/* End PBXBuildFile section */

/* Begin PBXContainerItemProxy section */
		3222690525BC4C040088F8DD /* PBXContainerItemProxy */ = {
			isa = PBXContainerItemProxy;
			containerPortal = 322268E625BC4C030088F8DD /* Project object */;
			proxyType = 1;
			remoteGlobalIDString = 322268ED25BC4C030088F8DD;
			remoteInfo = Pokedex;
		};
		3222691025BC4C040088F8DD /* PBXContainerItemProxy */ = {
			isa = PBXContainerItemProxy;
			containerPortal = 322268E625BC4C030088F8DD /* Project object */;
			proxyType = 1;
			remoteGlobalIDString = 322268ED25BC4C030088F8DD;
			remoteInfo = Pokedex;
		};
/* End PBXContainerItemProxy section */

/* Begin PBXFileReference section */
		322268EE25BC4C030088F8DD /* Pokedex.app */ = {isa = PBXFileReference; explicitFileType = wrapper.application; includeInIndex = 0; path = Pokedex.app; sourceTree = BUILT_PRODUCTS_DIR; };
		322268F125BC4C030088F8DD /* AppDelegate.swift */ = {isa = PBXFileReference; lastKnownFileType = sourcecode.swift; path = AppDelegate.swift; sourceTree = "<group>"; };
		322268F325BC4C030088F8DD /* SceneDelegate.swift */ = {isa = PBXFileReference; lastKnownFileType = sourcecode.swift; path = SceneDelegate.swift; sourceTree = "<group>"; };
		322268F525BC4C030088F8DD /* ViewController.swift */ = {isa = PBXFileReference; lastKnownFileType = sourcecode.swift; path = ViewController.swift; sourceTree = "<group>"; };
		322268F825BC4C030088F8DD /* Base */ = {isa = PBXFileReference; lastKnownFileType = file.storyboard; name = Base; path = Base.lproj/Main.storyboard; sourceTree = "<group>"; };
		322268FA25BC4C040088F8DD /* Assets.xcassets */ = {isa = PBXFileReference; lastKnownFileType = folder.assetcatalog; path = Assets.xcassets; sourceTree = "<group>"; };
		322268FD25BC4C040088F8DD /* Base */ = {isa = PBXFileReference; lastKnownFileType = file.storyboard; name = Base; path = Base.lproj/LaunchScreen.storyboard; sourceTree = "<group>"; };
		322268FF25BC4C040088F8DD /* Info.plist */ = {isa = PBXFileReference; lastKnownFileType = text.plist.xml; path = Info.plist; sourceTree = "<group>"; };
		3222690425BC4C040088F8DD /* PokedexTests.xctest */ = {isa = PBXFileReference; explicitFileType = wrapper.cfbundle; includeInIndex = 0; path = PokedexTests.xctest; sourceTree = BUILT_PRODUCTS_DIR; };
		3222690825BC4C040088F8DD /* PokedexTests.swift */ = {isa = PBXFileReference; lastKnownFileType = sourcecode.swift; path = PokedexTests.swift; sourceTree = "<group>"; };
		3222690A25BC4C040088F8DD /* Info.plist */ = {isa = PBXFileReference; lastKnownFileType = text.plist.xml; path = Info.plist; sourceTree = "<group>"; };
		3222690F25BC4C040088F8DD /* PokedexUITests.xctest */ = {isa = PBXFileReference; explicitFileType = wrapper.cfbundle; includeInIndex = 0; path = PokedexUITests.xctest; sourceTree = BUILT_PRODUCTS_DIR; };
		3222691325BC4C040088F8DD /* PokedexUITests.swift */ = {isa = PBXFileReference; lastKnownFileType = sourcecode.swift; path = PokedexUITests.swift; sourceTree = "<group>"; };
		3222691525BC4C040088F8DD /* Info.plist */ = {isa = PBXFileReference; lastKnownFileType = text.plist.xml; path = Info.plist; sourceTree = "<group>"; };
/* End PBXFileReference section */

/* Begin PBXFrameworksBuildPhase section */
		322268EB25BC4C030088F8DD /* Frameworks */ = {
			isa = PBXFrameworksBuildPhase;
			buildActionMask = 2147483647;
			files = (
			);
			runOnlyForDeploymentPostprocessing = 0;
		};
		3222690125BC4C040088F8DD /* Frameworks */ = {
			isa = PBXFrameworksBuildPhase;
			buildActionMask = 2147483647;
			files = (
			);
			runOnlyForDeploymentPostprocessing = 0;
		};
		3222690C25BC4C040088F8DD /* Frameworks */ = {
			isa = PBXFrameworksBuildPhase;
			buildActionMask = 2147483647;
			files = (
			);
			runOnlyForDeploymentPostprocessing = 0;
		};
/* End PBXFrameworksBuildPhase section */

/* Begin PBXGroup section */
		322268E525BC4C030088F8DD = {
			isa = PBXGroup;
			children = (
				322268F025BC4C030088F8DD /* Pokedex */,
				3222690725BC4C040088F8DD /* PokedexTests */,
				3222691225BC4C040088F8DD /* PokedexUITests */,
				322268EF25BC4C030088F8DD /* Products */,
			);
			sourceTree = "<group>";
		};
		322268EF25BC4C030088F8DD /* Products */ = {
			isa = PBXGroup;
			children = (
				322268EE25BC4C030088F8DD /* Pokedex.app */,
				3222690425BC4C040088F8DD /* PokedexTests.xctest */,
				3222690F25BC4C040088F8DD /* PokedexUITests.xctest */,
			);
			name = Products;
			sourceTree = "<group>";
		};
		322268F025BC4C030088F8DD /* Pokedex */ = {
			isa = PBXGroup;
			children = (
				322268F125BC4C030088F8DD /* AppDelegate.swift */,
				322268F325BC4C030088F8DD /* SceneDelegate.swift */,
				322268F525BC4C030088F8DD /* ViewController.swift */,
				322268F725BC4C030088F8DD /* Main.storyboard */,
				322268FA25BC4C040088F8DD /* Assets.xcassets */,
				322268FC25BC4C040088F8DD /* LaunchScreen.storyboard */,
				322268FF25BC4C040088F8DD /* Info.plist */,
			);
			path = Pokedex;
			sourceTree = "<group>";
		};
		3222690725BC4C040088F8DD /* PokedexTests */ = {
			isa = PBXGroup;
			children = (
				3222690825BC4C040088F8DD /* PokedexTests.swift */,
				3222690A25BC4C040088F8DD /* Info.plist */,
			);
			path = PokedexTests;
			sourceTree = "<group>";
		};
		3222691225BC4C040088F8DD /* PokedexUITests */ = {
			isa = PBXGroup;
			children = (
				3222691325BC4C040088F8DD /* PokedexUITests.swift */,
				3222691525BC4C040088F8DD /* Info.plist */,
			);
			path = PokedexUITests;
			sourceTree = "<group>";
		};
/* End PBXGroup section */

/* Begin PBXNativeTarget section */
		322268ED25BC4C030088F8DD /* Pokedex */ = {
			isa = PBXNativeTarget;
			buildConfigurationList = 3222691825BC4C040088F8DD /* Build configuration list for PBXNativeTarget "Pokedex" */;
			buildPhases = (
				322268EA25BC4C030088F8DD /* Sources */,
				322268EB25BC4C030088F8DD /* Frameworks */,
				322268EC25BC4C030088F8DD /* Resources */,
			);
			buildRules = (
			);
			dependencies = (
			);
			name = Pokedex;
			productName = Pokedex;
			productReference = 322268EE25BC4C030088F8DD /* Pokedex.app */;
			productType = "com.apple.product-type.application";
		};
		3222690325BC4C040088F8DD /* PokedexTests */ = {
			isa = PBXNativeTarget;
			buildConfigurationList = 3222691B25BC4C040088F8DD /* Build configuration list for PBXNativeTarget "PokedexTests" */;
			buildPhases = (
				3222690025BC4C040088F8DD /* Sources */,
				3222690125BC4C040088F8DD /* Frameworks */,
				3222690225BC4C040088F8DD /* Resources */,
			);
			buildRules = (
			);
			dependencies = (
				3222690625BC4C040088F8DD /* PBXTargetDependency */,
			);
			name = PokedexTests;
			productName = PokedexTests;
			productReference = 3222690425BC4C040088F8DD /* PokedexTests.xctest */;
			productType = "com.apple.product-type.bundle.unit-test";
		};
		3222690E25BC4C040088F8DD /* PokedexUITests */ = {
			isa = PBXNativeTarget;
			buildConfigurationList = 3222691E25BC4C040088F8DD /* Build configuration list for PBXNativeTarget "PokedexUITests" */;
			buildPhases = (
				3222690B25BC4C040088F8DD /* Sources */,
				3222690C25BC4C040088F8DD /* Frameworks */,
				3222690D25BC4C040088F8DD /* Resources */,
			);
			buildRules = (
			);
			dependencies = (
				3222691125BC4C040088F8DD /* PBXTargetDependency */,
			);
			name = PokedexUITests;
			productName = PokedexUITests;
			productReference = 3222690F25BC4C040088F8DD /* PokedexUITests.xctest */;
			productType = "com.apple.product-type.bundle.ui-testing";
		};
/* End PBXNativeTarget section */

/* Begin PBXProject section */
		322268E625BC4C030088F8DD /* Project object */ = {
			isa = PBXProject;
			attributes = {
				LastSwiftUpdateCheck = 1220;
				LastUpgradeCheck = 1220;
				TargetAttributes = {
					322268ED25BC4C030088F8DD = {
						CreatedOnToolsVersion = 12.2;
					};
					3222690325BC4C040088F8DD = {
						CreatedOnToolsVersion = 12.2;
						TestTargetID = 322268ED25BC4C030088F8DD;
					};
					3222690E25BC4C040088F8DD = {
						CreatedOnToolsVersion = 12.2;
						TestTargetID = 322268ED25BC4C030088F8DD;
					};
				};
			};
			buildConfigurationList = 322268E925BC4C030088F8DD /* Build configuration list for PBXProject "Pokedex" */;
			compatibilityVersion = "Xcode 9.3";
			developmentRegion = en;
			hasScannedForEncodings = 0;
			knownRegions = (
				en,
				Base,
			);
			mainGroup = 322268E525BC4C030088F8DD;
			productRefGroup = 322268EF25BC4C030088F8DD /* Products */;
			projectDirPath = "";
			projectRoot = "";
			targets = (
				322268ED25BC4C030088F8DD /* Pokedex */,
				3222690325BC4C040088F8DD /* PokedexTests */,
				3222690E25BC4C040088F8DD /* PokedexUITests */,
			);
		};
/* End PBXProject section */

/* Begin PBXResourcesBuildPhase section */
		322268EC25BC4C030088F8DD /* Resources */ = {
			isa = PBXResourcesBuildPhase;
			buildActionMask = 2147483647;
			files = (
				322268FE25BC4C040088F8DD /* LaunchScreen.storyboard in Resources */,
				322268FB25BC4C040088F8DD /* Assets.xcassets in Resources */,
				322268F925BC4C030088F8DD /* Main.storyboard in Resources */,
			);
			runOnlyForDeploymentPostprocessing = 0;
		};
		3222690225BC4C040088F8DD /* Resources */ = {
			isa = PBXResourcesBuildPhase;
			buildActionMask = 2147483647;
			files = (
			);
			runOnlyForDeploymentPostprocessing = 0;
		};
		3222690D25BC4C040088F8DD /* Resources */ = {
			isa = PBXResourcesBuildPhase;
			buildActionMask = 2147483647;
			files = (
			);
			runOnlyForDeploymentPostprocessing = 0;
		};
/* End PBXResourcesBuildPhase section */

/* Begin PBXSourcesBuildPhase section */
		322268EA25BC4C030088F8DD /* Sources */ = {
			isa = PBXSourcesBuildPhase;
			buildActionMask = 2147483647;
			files = (
				322268F625BC4C030088F8DD /* ViewController.swift in Sources */,
				322268F225BC4C030088F8DD /* AppDelegate.swift in Sources */,
				322268F425BC4C030088F8DD /* SceneDelegate.swift in Sources */,
			);
			runOnlyForDeploymentPostprocessing = 0;
		};
		3222690025BC4C040088F8DD /* Sources */ = {
			isa = PBXSourcesBuildPhase;
			buildActionMask = 2147483647;
			files = (
				3222690925BC4C040088F8DD /* PokedexTests.swift in Sources */,
			);
			runOnlyForDeploymentPostprocessing = 0;
		};
		3222690B25BC4C040088F8DD /* Sources */ = {
			isa = PBXSourcesBuildPhase;
			buildActionMask = 2147483647;
			files = (
				3222691425BC4C040088F8DD /* PokedexUITests.swift in Sources */,
			);
			runOnlyForDeploymentPostprocessing = 0;
		};
/* End PBXSourcesBuildPhase section */

/* Begin PBXTargetDependency section */
		3222690625BC4C040088F8DD /* PBXTargetDependency */ = {
			isa = PBXTargetDependency;
			target = 322268ED25BC4C030088F8DD /* Pokedex */;
			targetProxy = 3222690525BC4C040088F8DD /* PBXContainerItemProxy */;
		};
		3222691125BC4C040088F8DD /* PBXTargetDependency */ = {
			isa = PBXTargetDependency;
			target = 322268ED25BC4C030088F8DD /* Pokedex */;
			targetProxy = 3222691025BC4C040088F8DD /* PBXContainerItemProxy */;
		};
/* End PBXTargetDependency section */

/* Begin PBXVariantGroup section */
		322268F725BC4C030088F8DD /* Main.storyboard */ = {
			isa = PBXVariantGroup;
			children = (
				322268F825BC4C030088F8DD /* Base */,
			);
			name = Main.storyboard;
			sourceTree = "<group>";
		};
		322268FC25BC4C040088F8DD /* LaunchScreen.storyboard */ = {
			isa = PBXVariantGroup;
			children = (
				322268FD25BC4C040088F8DD /* Base */,
			);
			name = LaunchScreen.storyboard;
			sourceTree = "<group>";
		};
/* End PBXVariantGroup section */

/* Begin XCBuildConfiguration section */
		3222691625BC4C040088F8DD /* Debug */ = {
			isa = XCBuildConfiguration;
			buildSettings = {
				ALWAYS_SEARCH_USER_PATHS = NO;
				CLANG_ANALYZER_NONNULL = YES;
				CLANG_ANALYZER_NUMBER_OBJECT_CONVERSION = YES_AGGRESSIVE;
				CLANG_CXX_LANGUAGE_STANDARD = "gnu++14";
				CLANG_CXX_LIBRARY = "libc++";
				CLANG_ENABLE_MODULES = YES;
				CLANG_ENABLE_OBJC_ARC = YES;
				CLANG_ENABLE_OBJC_WEAK = YES;
				CLANG_WARN_BLOCK_CAPTURE_AUTORELEASING = YES;
				CLANG_WARN_BOOL_CONVERSION = YES;
				CLANG_WARN_COMMA = YES;
				CLANG_WARN_CONSTANT_CONVERSION = YES;
				CLANG_WARN_DEPRECATED_OBJC_IMPLEMENTATIONS = YES;
				CLANG_WARN_DIRECT_OBJC_ISA_USAGE = YES_ERROR;
				CLANG_WARN_DOCUMENTATION_COMMENTS = YES;
				CLANG_WARN_EMPTY_BODY = YES;
				CLANG_WARN_ENUM_CONVERSION = YES;
				CLANG_WARN_INFINITE_RECURSION = YES;
				CLANG_WARN_INT_CONVERSION = YES;
				CLANG_WARN_NON_LITERAL_NULL_CONVERSION = YES;
				CLANG_WARN_OBJC_IMPLICIT_RETAIN_SELF = YES;
				CLANG_WARN_OBJC_LITERAL_CONVERSION = YES;
				CLANG_WARN_OBJC_ROOT_CLASS = YES_ERROR;
				CLANG_WARN_QUOTED_INCLUDE_IN_FRAMEWORK_HEADER = YES;
				CLANG_WARN_RANGE_LOOP_ANALYSIS = YES;
				CLANG_WARN_STRICT_PROTOTYPES = YES;
				CLANG_WARN_SUSPICIOUS_MOVE = YES;
				CLANG_WARN_UNGUARDED_AVAILABILITY = YES_AGGRESSIVE;
				CLANG_WARN_UNREACHABLE_CODE = YES;
				CLANG_WARN__DUPLICATE_METHOD_MATCH = YES;
				COPY_PHASE_STRIP = NO;
				DEBUG_INFORMATION_FORMAT = dwarf;
				ENABLE_STRICT_OBJC_MSGSEND = YES;
				ENABLE_TESTABILITY = YES;
				GCC_C_LANGUAGE_STANDARD = gnu11;
				GCC_DYNAMIC_NO_PIC = NO;
				GCC_NO_COMMON_BLOCKS = YES;
				GCC_OPTIMIZATION_LEVEL = 0;
				GCC_PREPROCESSOR_DEFINITIONS = (
					"DEBUG=1",
					"$(inherited)",
				);
				GCC_WARN_64_TO_32_BIT_CONVERSION = YES;
				GCC_WARN_ABOUT_RETURN_TYPE = YES_ERROR;
				GCC_WARN_UNDECLARED_SELECTOR = YES;
				GCC_WARN_UNINITIALIZED_AUTOS = YES_AGGRESSIVE;
				GCC_WARN_UNUSED_FUNCTION = YES;
				GCC_WARN_UNUSED_VARIABLE = YES;
				IPHONEOS_DEPLOYMENT_TARGET = 14.2;
				MTL_ENABLE_DEBUG_INFO = INCLUDE_SOURCE;
				MTL_FAST_MATH = YES;
				ONLY_ACTIVE_ARCH = YES;
				SDKROOT = iphoneos;
				SWIFT_ACTIVE_COMPILATION_CONDITIONS = DEBUG;
				SWIFT_OPTIMIZATION_LEVEL = "-Onone";
			};
			name = Debug;
		};
		3222691725BC4C040088F8DD /* Release */ = {
			isa = XCBuildConfiguration;
			buildSettings = {
				ALWAYS_SEARCH_USER_PATHS = NO;
				CLANG_ANALYZER_NONNULL = YES;
				CLANG_ANALYZER_NUMBER_OBJECT_CONVERSION = YES_AGGRESSIVE;
				CLANG_CXX_LANGUAGE_STANDARD = "gnu++14";
				CLANG_CXX_LIBRARY = "libc++";
				CLANG_ENABLE_MODULES = YES;
				CLANG_ENABLE_OBJC_ARC = YES;
				CLANG_ENABLE_OBJC_WEAK = YES;
				CLANG_WARN_BLOCK_CAPTURE_AUTORELEASING = YES;
				CLANG_WARN_BOOL_CONVERSION = YES;
				CLANG_WARN_COMMA = YES;
				CLANG_WARN_CONSTANT_CONVERSION = YES;
				CLANG_WARN_DEPRECATED_OBJC_IMPLEMENTATIONS = YES;
				CLANG_WARN_DIRECT_OBJC_ISA_USAGE = YES_ERROR;
				CLANG_WARN_DOCUMENTATION_COMMENTS = YES;
				CLANG_WARN_EMPTY_BODY = YES;
				CLANG_WARN_ENUM_CONVERSION = YES;
				CLANG_WARN_INFINITE_RECURSION = YES;
				CLANG_WARN_INT_CONVERSION = YES;
				CLANG_WARN_NON_LITERAL_NULL_CONVERSION = YES;
				CLANG_WARN_OBJC_IMPLICIT_RETAIN_SELF = YES;
				CLANG_WARN_OBJC_LITERAL_CONVERSION = YES;
				CLANG_WARN_OBJC_ROOT_CLASS = YES_ERROR;
				CLANG_WARN_QUOTED_INCLUDE_IN_FRAMEWORK_HEADER = YES;
				CLANG_WARN_RANGE_LOOP_ANALYSIS = YES;
				CLANG_WARN_STRICT_PROTOTYPES = YES;
				CLANG_WARN_SUSPICIOUS_MOVE = YES;
				CLANG_WARN_UNGUARDED_AVAILABILITY = YES_AGGRESSIVE;
				CLANG_WARN_UNREACHABLE_CODE = YES;
				CLANG_WARN__DUPLICATE_METHOD_MATCH = YES;
				COPY_PHASE_STRIP = NO;
				DEBUG_INFORMATION_FORMAT = "dwarf-with-dsym";
				ENABLE_NS_ASSERTIONS = NO;
				ENABLE_STRICT_OBJC_MSGSEND = YES;
				GCC_C_LANGUAGE_STANDARD = gnu11;
				GCC_NO_COMMON_BLOCKS = YES;
				GCC_WARN_64_TO_32_BIT_CONVERSION = YES;
				GCC_WARN_ABOUT_RETURN_TYPE = YES_ERROR;
				GCC_WARN_UNDECLARED_SELECTOR = YES;
				GCC_WARN_UNINITIALIZED_AUTOS = YES_AGGRESSIVE;
				GCC_WARN_UNUSED_FUNCTION = YES;
				GCC_WARN_UNUSED_VARIABLE = YES;
				IPHONEOS_DEPLOYMENT_TARGET = 14.2;
				MTL_ENABLE_DEBUG_INFO = NO;
				MTL_FAST_MATH = YES;
				SDKROOT = iphoneos;
				SWIFT_COMPILATION_MODE = wholemodule;
				SWIFT_OPTIMIZATION_LEVEL = "-O";
				VALIDATE_PRODUCT = YES;
			};
			name = Release;
		};
		3222691925BC4C040088F8DD /* Debug */ = {
			isa = XCBuildConfiguration;
			buildSettings = {
				ASSETCATALOG_COMPILER_APPICON_NAME = AppIcon;
				ASSETCATALOG_COMPILER_GLOBAL_ACCENT_COLOR_NAME = AccentColor;
				CODE_SIGN_STYLE = Automatic;
				INFOPLIST_FILE = Pokedex/Info.plist;
				LD_RUNPATH_SEARCH_PATHS = (
					"$(inherited)",
					"@executable_path/Frameworks",
				);
				PRODUCT_BUNDLE_IDENTIFIER = test.juanj.Pokedex;
				PRODUCT_NAME = "$(TARGET_NAME)";
				SWIFT_VERSION = 5.0;
				TARGETED_DEVICE_FAMILY = "1,2";
			};
			name = Debug;
		};
		3222691A25BC4C040088F8DD /* Release */ = {
			isa = XCBuildConfiguration;
			buildSettings = {
				ASSETCATALOG_COMPILER_APPICON_NAME = AppIcon;
				ASSETCATALOG_COMPILER_GLOBAL_ACCENT_COLOR_NAME = AccentColor;
				CODE_SIGN_STYLE = Automatic;
				INFOPLIST_FILE = Pokedex/Info.plist;
				LD_RUNPATH_SEARCH_PATHS = (
					"$(inherited)",
					"@executable_path/Frameworks",
				);
				PRODUCT_BUNDLE_IDENTIFIER = test.juanj.Pokedex;
				PRODUCT_NAME = "$(TARGET_NAME)";
				SWIFT_VERSION = 5.0;
				TARGETED_DEVICE_FAMILY = "1,2";
			};
			name = Release;
		};
		3222691C25BC4C040088F8DD /* Debug */ = {
			isa = XCBuildConfiguration;
			buildSettings = {
				ALWAYS_EMBED_SWIFT_STANDARD_LIBRARIES = YES;
				BUNDLE_LOADER = "$(TEST_HOST)";
				CODE_SIGN_STYLE = Automatic;
				INFOPLIST_FILE = PokedexTests/Info.plist;
				IPHONEOS_DEPLOYMENT_TARGET = 14.2;
				LD_RUNPATH_SEARCH_PATHS = (
					"$(inherited)",
					"@executable_path/Frameworks",
					"@loader_path/Frameworks",
				);
				PRODUCT_BUNDLE_IDENTIFIER = test.juanj.PokedexTests;
				PRODUCT_NAME = "$(TARGET_NAME)";
				SWIFT_VERSION = 5.0;
				TARGETED_DEVICE_FAMILY = "1,2";
				TEST_HOST = "$(BUILT_PRODUCTS_DIR)/Pokedex.app/Pokedex";
			};
			name = Debug;
		};
		3222691D25BC4C040088F8DD /* Release */ = {
			isa = XCBuildConfiguration;
			buildSettings = {
				ALWAYS_EMBED_SWIFT_STANDARD_LIBRARIES = YES;
				BUNDLE_LOADER = "$(TEST_HOST)";
				CODE_SIGN_STYLE = Automatic;
				INFOPLIST_FILE = PokedexTests/Info.plist;
				IPHONEOS_DEPLOYMENT_TARGET = 14.2;
				LD_RUNPATH_SEARCH_PATHS = (
					"$(inherited)",
					"@executable_path/Frameworks",
					"@loader_path/Frameworks",
				);
				PRODUCT_BUNDLE_IDENTIFIER = test.juanj.PokedexTests;
				PRODUCT_NAME = "$(TARGET_NAME)";
				SWIFT_VERSION = 5.0;
				TARGETED_DEVICE_FAMILY = "1,2";
				TEST_HOST = "$(BUILT_PRODUCTS_DIR)/Pokedex.app/Pokedex";
			};
			name = Release;
		};
		3222691F25BC4C040088F8DD /* Debug */ = {
			isa = XCBuildConfiguration;
			buildSettings = {
				ALWAYS_EMBED_SWIFT_STANDARD_LIBRARIES = YES;
				CODE_SIGN_STYLE = Automatic;
				INFOPLIST_FILE = PokedexUITests/Info.plist;
				LD_RUNPATH_SEARCH_PATHS = (
					"$(inherited)",
					"@executable_path/Frameworks",
					"@loader_path/Frameworks",
				);
				PRODUCT_BUNDLE_IDENTIFIER = test.juanj.PokedexUITests;
				PRODUCT_NAME = "$(TARGET_NAME)";
				SWIFT_VERSION = 5.0;
				TARGETED_DEVICE_FAMILY = "1,2";
				TEST_TARGET_NAME = Pokedex;
			};
			name = Debug;
		};
		3222692025BC4C040088F8DD /* Release */ = {
			isa = XCBuildConfiguration;
			buildSettings = {
				ALWAYS_EMBED_SWIFT_STANDARD_LIBRARIES = YES;
				CODE_SIGN_STYLE = Automatic;
				INFOPLIST_FILE = PokedexUITests/Info.plist;
				LD_RUNPATH_SEARCH_PATHS = (
					"$(inherited)",
					"@executable_path/Frameworks",
					"@loader_path/Frameworks",
				);
				PRODUCT_BUNDLE_IDENTIFIER = test.juanj.PokedexUITests;
				PRODUCT_NAME = "$(TARGET_NAME)";
				SWIFT_VERSION = 5.0;
				TARGETED_DEVICE_FAMILY = "1,2";
				TEST_TARGET_NAME = Pokedex;
			};
			name = Release;
		};
/* End XCBuildConfiguration section */

/* Begin XCConfigurationList section */
		322268E925BC4C030088F8DD /* Build configuration list for PBXProject "Pokedex" */ = {
			isa = XCConfigurationList;
			buildConfigurations = (
				3222691625BC4C040088F8DD /* Debug */,
				3222691725BC4C040088F8DD /* Release */,
			);
			defaultConfigurationIsVisible = 0;
			defaultConfigurationName = Release;
		};
		3222691825BC4C040088F8DD /* Build configuration list for PBXNativeTarget "Pokedex" */ = {
			isa = XCConfigurationList;
			buildConfigurations = (
				3222691925BC4C040088F8DD /* Debug */,
				3222691A25BC4C040088F8DD /* Release */,
			);
			defaultConfigurationIsVisible = 0;
			defaultConfigurationName = Release;
		};
		3222691B25BC4C040088F8DD /* Build configuration list for PBXNativeTarget "PokedexTests" */ = {
			isa = XCConfigurationList;
			buildConfigurations = (
				3222691C25BC4C040088F8DD /* Debug */,
				3222691D25BC4C040088F8DD /* Release */,
			);
			defaultConfigurationIsVisible = 0;
			defaultConfigurationName = Release;
		};
		3222691E25BC4C040088F8DD /* Build configuration list for PBXNativeTarget "PokedexUITests" */ = {
			isa = XCConfigurationList;
			buildConfigurations = (
				3222691F25BC4C040088F8DD /* Debug */,
				3222692025BC4C040088F8DD /* Release */,
			);
			defaultConfigurationIsVisible = 0;
			defaultConfigurationName = Release;
		};
/* End XCConfigurationList section */
	};
	rootObject = 322268E625BC4C030088F8DD /* Project object */;
}
