// !$*UTF8*$!
{
	archiveVersion = 1;
	classes = {
	};
	objectVersion = 50;
	objects = {

/* Begin PBXBuildFile section */
		321C176D25BDB08800C5C62B /* Theme.swift in Sources */ = {isa = PBXBuildFile; fileRef = 321C176C25BDB08800C5C62B /* Theme.swift */; };
		321C177225BDB94C00C5C62B /* MoveDetailViewController.swift in Sources */ = {isa = PBXBuildFile; fileRef = 321C177025BDB94C00C5C62B /* MoveDetailViewController.swift */; };
		321C177325BDB94C00C5C62B /* MoveDetailViewController.xib in Resources */ = {isa = PBXBuildFile; fileRef = 321C177125BDB94C00C5C62B /* MoveDetailViewController.xib */; };
		321C177725BDBA2400C5C62B /* TypeTagView.swift in Sources */ = {isa = PBXBuildFile; fileRef = 321C177625BDBA2400C5C62B /* TypeTagView.swift */; };
		321C177B25BDC45E00C5C62B /* MoveDetailViewModel.swift in Sources */ = {isa = PBXBuildFile; fileRef = 321C177A25BDC45E00C5C62B /* MoveDetailViewModel.swift */; };
		321C177F25BDD02A00C5C62B /* Ability.swift in Sources */ = {isa = PBXBuildFile; fileRef = 321C177E25BDD02A00C5C62B /* Ability.swift */; };
		321C178325BDD07600C5C62B /* AbilityFlavorText.swift in Sources */ = {isa = PBXBuildFile; fileRef = 321C178225BDD07600C5C62B /* AbilityFlavorText.swift */; };
		321C178725BDD28E00C5C62B /* EggGroup.swift in Sources */ = {isa = PBXBuildFile; fileRef = 321C178625BDD28E00C5C62B /* EggGroup.swift */; };
		321C178B25BDD41600C5C62B /* PokemonSpecies.swift in Sources */ = {isa = PBXBuildFile; fileRef = 321C178A25BDD41600C5C62B /* PokemonSpecies.swift */; };
		321C178F25BDD52100C5C62B /* PokemonHabitat.swift in Sources */ = {isa = PBXBuildFile; fileRef = 321C178E25BDD52100C5C62B /* PokemonHabitat.swift */; };
		321C179325BDD57E00C5C62B /* Generation.swift in Sources */ = {isa = PBXBuildFile; fileRef = 321C179225BDD57E00C5C62B /* Generation.swift */; };
		321C179725BDD65C00C5C62B /* RefType.swift in Sources */ = {isa = PBXBuildFile; fileRef = 321C179625BDD65C00C5C62B /* RefType.swift */; };
		321C179D25BDD69A00C5C62B /* EvolutionChain.swift in Sources */ = {isa = PBXBuildFile; fileRef = 321C179C25BDD69A00C5C62B /* EvolutionChain.swift */; };
		321C17A125BDD6E100C5C62B /* ChainLink.swift in Sources */ = {isa = PBXBuildFile; fileRef = 321C17A025BDD6E100C5C62B /* ChainLink.swift */; };
		321C17A525BDD80200C5C62B /* EvolutionDetail.swift in Sources */ = {isa = PBXBuildFile; fileRef = 321C17A425BDD80200C5C62B /* EvolutionDetail.swift */; };
		321C17AA25BDE21A00C5C62B /* PokemonDetailViewController.swift in Sources */ = {isa = PBXBuildFile; fileRef = 321C17A825BDE21A00C5C62B /* PokemonDetailViewController.swift */; };
		321C17AB25BDE21A00C5C62B /* PokemonDetailViewController.xib in Resources */ = {isa = PBXBuildFile; fileRef = 321C17A925BDE21A00C5C62B /* PokemonDetailViewController.xib */; };
		322268F225BC4C030088F8DD /* AppDelegate.swift in Sources */ = {isa = PBXBuildFile; fileRef = 322268F125BC4C030088F8DD /* AppDelegate.swift */; };
		322268F425BC4C030088F8DD /* SceneDelegate.swift in Sources */ = {isa = PBXBuildFile; fileRef = 322268F325BC4C030088F8DD /* SceneDelegate.swift */; };
		322268FB25BC4C040088F8DD /* Assets.xcassets in Resources */ = {isa = PBXBuildFile; fileRef = 322268FA25BC4C040088F8DD /* Assets.xcassets */; };
		322268FE25BC4C040088F8DD /* LaunchScreen.storyboard in Resources */ = {isa = PBXBuildFile; fileRef = 322268FC25BC4C040088F8DD /* LaunchScreen.storyboard */; };
		3222690925BC4C040088F8DD /* PokedexTests.swift in Sources */ = {isa = PBXBuildFile; fileRef = 3222690825BC4C040088F8DD /* PokedexTests.swift */; };
		3222693525BC50870088F8DD /* AppCoordinator.swift in Sources */ = {isa = PBXBuildFile; fileRef = 3222693425BC50870088F8DD /* AppCoordinator.swift */; };
		3222693925BC50930088F8DD /* Coordinator.swift in Sources */ = {isa = PBXBuildFile; fileRef = 3222693825BC50930088F8DD /* Coordinator.swift */; };
		3222694025BC56F60088F8DD /* PokemonsViewController.swift in Sources */ = {isa = PBXBuildFile; fileRef = 3222693E25BC56F60088F8DD /* PokemonsViewController.swift */; };
		3222694125BC56F60088F8DD /* PokemonsViewController.xib in Resources */ = {isa = PBXBuildFile; fileRef = 3222693F25BC56F60088F8DD /* PokemonsViewController.xib */; };
		3222694625BC57190088F8DD /* MovesViewController.swift in Sources */ = {isa = PBXBuildFile; fileRef = 3222694425BC57190088F8DD /* MovesViewController.swift */; };
		3222694725BC57190088F8DD /* MovesViewController.xib in Resources */ = {isa = PBXBuildFile; fileRef = 3222694525BC57190088F8DD /* MovesViewController.xib */; };
		3222694C25BC572F0088F8DD /* ItemsViewController.swift in Sources */ = {isa = PBXBuildFile; fileRef = 3222694A25BC572F0088F8DD /* ItemsViewController.swift */; };
		3222694D25BC572F0088F8DD /* ItemsViewController.xib in Resources */ = {isa = PBXBuildFile; fileRef = 3222694B25BC572F0088F8DD /* ItemsViewController.xib */; };
		3222695125BC57510088F8DD /* PokemonsCoordinator.swift in Sources */ = {isa = PBXBuildFile; fileRef = 3222695025BC57510088F8DD /* PokemonsCoordinator.swift */; };
		3222695525BC577B0088F8DD /* MovesCoordinator.swift in Sources */ = {isa = PBXBuildFile; fileRef = 3222695425BC577B0088F8DD /* MovesCoordinator.swift */; };
		3222695925BC578E0088F8DD /* ItemsCoordinator.swift in Sources */ = {isa = PBXBuildFile; fileRef = 3222695825BC578E0088F8DD /* ItemsCoordinator.swift */; };
		3222695E25BC595C0088F8DD /* NavigationBar.swift in Sources */ = {isa = PBXBuildFile; fileRef = 3222695D25BC595C0088F8DD /* NavigationBar.swift */; };
		3222696325BC5ADB0088F8DD /* Colors.swift in Sources */ = {isa = PBXBuildFile; fileRef = 3222696225BC5ADB0088F8DD /* Colors.swift */; };
		3222696725BC5FD10088F8DD /* Fonts.swift in Sources */ = {isa = PBXBuildFile; fileRef = 3222696625BC5FD10088F8DD /* Fonts.swift */; };
		3222696B25BC76350088F8DD /* GradientView.swift in Sources */ = {isa = PBXBuildFile; fileRef = 3222696A25BC76350088F8DD /* GradientView.swift */; };
		3222696F25BC7D3F0088F8DD /* PaginatedResponse.swift in Sources */ = {isa = PBXBuildFile; fileRef = 3222696E25BC7D3F0088F8DD /* PaginatedResponse.swift */; };
		3222697425BC7DF00088F8DD /* Pokemon.swift in Sources */ = {isa = PBXBuildFile; fileRef = 3222697325BC7DF00088F8DD /* Pokemon.swift */; };
		3222697A25BC81260088F8DD /* PokemonType.swift in Sources */ = {isa = PBXBuildFile; fileRef = 3222697925BC81260088F8DD /* PokemonType.swift */; };
		3222697F25BC82CC0088F8DD /* NamedRefType.swift in Sources */ = {isa = PBXBuildFile; fileRef = 3222697E25BC82CC0088F8DD /* NamedRefType.swift */; };
		3222698525BC83730088F8DD /* PokemonAbility.swift in Sources */ = {isa = PBXBuildFile; fileRef = 3222698425BC83730088F8DD /* PokemonAbility.swift */; };
		3222698925BC83E60088F8DD /* PokemonMove.swift in Sources */ = {isa = PBXBuildFile; fileRef = 3222698825BC83E60088F8DD /* PokemonMove.swift */; };
		3222698D25BC84220088F8DD /* PokemonSprites.swift in Sources */ = {isa = PBXBuildFile; fileRef = 3222698C25BC84220088F8DD /* PokemonSprites.swift */; };
		3222699125BC844D0088F8DD /* PokemonStat.swift in Sources */ = {isa = PBXBuildFile; fileRef = 3222699025BC844D0088F8DD /* PokemonStat.swift */; };
		3222699725BC8D620088F8DD /* ApiResource.swift in Sources */ = {isa = PBXBuildFile; fileRef = 3222699625BC8D620088F8DD /* ApiResource.swift */; };
		322FD39225BE0194005884A9 /* PokemonDetailViewModel.swift in Sources */ = {isa = PBXBuildFile; fileRef = 322FD39125BE0194005884A9 /* PokemonDetailViewModel.swift */; };
		322FD39725BE0751005884A9 /* PokemonInfoTableViewCell.swift in Sources */ = {isa = PBXBuildFile; fileRef = 322FD39525BE0751005884A9 /* PokemonInfoTableViewCell.swift */; };
		322FD39825BE0751005884A9 /* PokemonInfoTableViewCell.xib in Resources */ = {isa = PBXBuildFile; fileRef = 322FD39625BE0751005884A9 /* PokemonInfoTableViewCell.xib */; };
		322FD39C25BE0D12005884A9 /* StatsSections.swift in Sources */ = {isa = PBXBuildFile; fileRef = 322FD39B25BE0D12005884A9 /* StatsSections.swift */; };
		322FD3A625BE0EE3005884A9 /* PokemonMoveCellViewModel.swift in Sources */ = {isa = PBXBuildFile; fileRef = 322FD3A525BE0EE3005884A9 /* PokemonMoveCellViewModel.swift */; };
		322FD3AA25BE0FE3005884A9 /* PokemonAbilityCellViewModel.swift in Sources */ = {isa = PBXBuildFile; fileRef = 322FD3A925BE0FE3005884A9 /* PokemonAbilityCellViewModel.swift */; };
		322FD3AE25BE1356005884A9 /* FlavorText.swift in Sources */ = {isa = PBXBuildFile; fileRef = 322FD3AD25BE1356005884A9 /* FlavorText.swift */; };
		322FD3B325BE157A005884A9 /* PokemonSelecSectionTableViewCell.swift in Sources */ = {isa = PBXBuildFile; fileRef = 322FD3B125BE157A005884A9 /* PokemonSelecSectionTableViewCell.swift */; };
		322FD3B425BE157A005884A9 /* PokemonSelecSectionTableViewCell.xib in Resources */ = {isa = PBXBuildFile; fileRef = 322FD3B225BE157A005884A9 /* PokemonSelecSectionTableViewCell.xib */; };
		322FD3B925BE229F005884A9 /* PokemonMoveVersion.swift in Sources */ = {isa = PBXBuildFile; fileRef = 322FD3B825BE229F005884A9 /* PokemonMoveVersion.swift */; };
		322FD3C225BE23D1005884A9 /* PokemonMoveTableViewCell.swift in Sources */ = {isa = PBXBuildFile; fileRef = 322FD3C025BE23D1005884A9 /* PokemonMoveTableViewCell.swift */; };
		322FD3C325BE23D1005884A9 /* PokemonMoveTableViewCell.xib in Resources */ = {isa = PBXBuildFile; fileRef = 322FD3C125BE23D1005884A9 /* PokemonMoveTableViewCell.xib */; };
		324773FF25BC93AA00D83813 /* NetworkRequest.swift in Sources */ = {isa = PBXBuildFile; fileRef = 324773FE25BC93AA00D83813 /* NetworkRequest.swift */; };
		3247740325BC977300D83813 /* ApiRequest.swift in Sources */ = {isa = PBXBuildFile; fileRef = 3247740225BC977300D83813 /* ApiRequest.swift */; };
		3247740A25BC98F500D83813 /* PokemonListResource.swift in Sources */ = {isa = PBXBuildFile; fileRef = 3247740925BC98F500D83813 /* PokemonListResource.swift */; };
		3247740E25BC9B7100D83813 /* PokemonResource.swift in Sources */ = {isa = PBXBuildFile; fileRef = 3247740D25BC9B7100D83813 /* PokemonResource.swift */; };
		3247741A25BCA21F00D83813 /* PokemonCellViewModel.swift in Sources */ = {isa = PBXBuildFile; fileRef = 3247741925BCA21F00D83813 /* PokemonCellViewModel.swift */; };
		3247741E25BCA39A00D83813 /* Constants.swift in Sources */ = {isa = PBXBuildFile; fileRef = 3247741D25BCA39A00D83813 /* Constants.swift */; };
		3247742825BCA8E200D83813 /* Move.swift in Sources */ = {isa = PBXBuildFile; fileRef = 3247742725BCA8E200D83813 /* Move.swift */; };
		3247742C25BCAC0600D83813 /* MoveFlavorText.swift in Sources */ = {isa = PBXBuildFile; fileRef = 3247742B25BCAC0600D83813 /* MoveFlavorText.swift */; };
		3247743925BCC4F900D83813 /* PokemonTableViewCell.swift in Sources */ = {isa = PBXBuildFile; fileRef = 3247743725BCC4F900D83813 /* PokemonTableViewCell.swift */; };
		3247743A25BCC4F900D83813 /* PokemonTableViewCell.xib in Resources */ = {isa = PBXBuildFile; fileRef = 3247743825BCC4F900D83813 /* PokemonTableViewCell.xib */; };
		3247743E25BCC7D800D83813 /* ImageRequest.swift in Sources */ = {isa = PBXBuildFile; fileRef = 3247743D25BCC7D800D83813 /* ImageRequest.swift */; };
		3247744225BCCD3600D83813 /* MoveListResource.swift in Sources */ = {isa = PBXBuildFile; fileRef = 3247744125BCCD3600D83813 /* MoveListResource.swift */; };
		3247744825BCCDEC00D83813 /* MoveCellViewModel.swift in Sources */ = {isa = PBXBuildFile; fileRef = 3247744725BCCDEC00D83813 /* MoveCellViewModel.swift */; };
		3247745125BCCFEF00D83813 /* MoveTableViewCell.swift in Sources */ = {isa = PBXBuildFile; fileRef = 3247744F25BCCFEF00D83813 /* MoveTableViewCell.swift */; };
		3247745225BCCFEF00D83813 /* MoveTableViewCell.xib in Resources */ = {isa = PBXBuildFile; fileRef = 3247745025BCCFEF00D83813 /* MoveTableViewCell.xib */; };
		3247745825BCD2FE00D83813 /* Name.swift in Sources */ = {isa = PBXBuildFile; fileRef = 3247745725BCD2FE00D83813 /* Name.swift */; };
		3247745C25BCD43600D83813 /* ItemListResource.swift in Sources */ = {isa = PBXBuildFile; fileRef = 3247745B25BCD43600D83813 /* ItemListResource.swift */; };
		3247746025BCD4A300D83813 /* Item.swift in Sources */ = {isa = PBXBuildFile; fileRef = 3247745F25BCD4A300D83813 /* Item.swift */; };
		3247746425BCD55B00D83813 /* ItemCellViewModel.swift in Sources */ = {isa = PBXBuildFile; fileRef = 3247746325BCD55B00D83813 /* ItemCellViewModel.swift */; };
		3247746925BCD72300D83813 /* ItemTableViewCell.swift in Sources */ = {isa = PBXBuildFile; fileRef = 3247746725BCD72300D83813 /* ItemTableViewCell.swift */; };
		3247746A25BCD72300D83813 /* ItemTableViewCell.xib in Resources */ = {isa = PBXBuildFile; fileRef = 3247746825BCD72300D83813 /* ItemTableViewCell.xib */; };
		3247747625BCDD7600D83813 /* VersionGroupFlavorText.swift in Sources */ = {isa = PBXBuildFile; fileRef = 3247747525BCDD7600D83813 /* VersionGroupFlavorText.swift */; };
		325D20FC25BE418D000384F8 /* GradientProgressView.swift in Sources */ = {isa = PBXBuildFile; fileRef = 325D20FB25BE418D000384F8 /* GradientProgressView.swift */; };
		325D210125BE4425000384F8 /* PokemonStatsTableViewCell.swift in Sources */ = {isa = PBXBuildFile; fileRef = 325D20FF25BE4425000384F8 /* PokemonStatsTableViewCell.swift */; };
		325D210225BE4425000384F8 /* PokemonStatsTableViewCell.xib in Resources */ = {isa = PBXBuildFile; fileRef = 325D210025BE4425000384F8 /* PokemonStatsTableViewCell.xib */; };
		325D210625BE467F000384F8 /* PokemonStatsCellViewModel.swift in Sources */ = {isa = PBXBuildFile; fileRef = 325D210525BE467F000384F8 /* PokemonStatsCellViewModel.swift */; };
		325D210B25BE4F9D000384F8 /* SectionTitleTableViewCell.swift in Sources */ = {isa = PBXBuildFile; fileRef = 325D210925BE4F9D000384F8 /* SectionTitleTableViewCell.swift */; };
		325D210C25BE4F9D000384F8 /* SectionTitleTableViewCell.xib in Resources */ = {isa = PBXBuildFile; fileRef = 325D210A25BE4F9D000384F8 /* SectionTitleTableViewCell.xib */; };
		325D211125BE53B7000384F8 /* PokemonAbilityTableViewCell.swift in Sources */ = {isa = PBXBuildFile; fileRef = 325D210F25BE53B7000384F8 /* PokemonAbilityTableViewCell.swift */; };
		325D211225BE53B7000384F8 /* PokemonAbilityTableViewCell.xib in Resources */ = {isa = PBXBuildFile; fileRef = 325D211025BE53B7000384F8 /* PokemonAbilityTableViewCell.xib */; };
		325D211625BE5686000384F8 /* VerboseEffect.swift in Sources */ = {isa = PBXBuildFile; fileRef = 325D211525BE5686000384F8 /* VerboseEffect.swift */; };
		325D211B25BE5AEF000384F8 /* PokemonBreedingTableViewCell.swift in Sources */ = {isa = PBXBuildFile; fileRef = 325D211925BE5AEF000384F8 /* PokemonBreedingTableViewCell.swift */; };
		325D211C25BE5AEF000384F8 /* PokemonBreedingTableViewCell.xib in Resources */ = {isa = PBXBuildFile; fileRef = 325D211A25BE5AEF000384F8 /* PokemonBreedingTableViewCell.xib */; };
		325D212025BE5D72000384F8 /* PokemonBreedingCellViewModel.swift in Sources */ = {isa = PBXBuildFile; fileRef = 325D211F25BE5D72000384F8 /* PokemonBreedingCellViewModel.swift */; };
		325D212425BE6121000384F8 /* PokemonCaptureCellViewModel.swift in Sources */ = {isa = PBXBuildFile; fileRef = 325D212325BE6121000384F8 /* PokemonCaptureCellViewModel.swift */; };
		325D212925BE6218000384F8 /* PokemonCaptureTableViewCell.swift in Sources */ = {isa = PBXBuildFile; fileRef = 325D212725BE6218000384F8 /* PokemonCaptureTableViewCell.swift */; };
		325D212A25BE6218000384F8 /* PokemonCaptureTableViewCell.xib in Resources */ = {isa = PBXBuildFile; fileRef = 325D212825BE6218000384F8 /* PokemonCaptureTableViewCell.xib */; };
		3278E43C25BE339B00604819 /* PokemonEvolutionTableViewCell.swift in Sources */ = {isa = PBXBuildFile; fileRef = 3278E43A25BE339B00604819 /* PokemonEvolutionTableViewCell.swift */; };
		3278E43D25BE339B00604819 /* PokemonEvolutionTableViewCell.xib in Resources */ = {isa = PBXBuildFile; fileRef = 3278E43B25BE339B00604819 /* PokemonEvolutionTableViewCell.xib */; };
		3278E44125BE352900604819 /* PokemonEvolutionCellViewModel.swift in Sources */ = {isa = PBXBuildFile; fileRef = 3278E44025BE352900604819 /* PokemonEvolutionCellViewModel.swift */; };
		3278E44525BE399A00604819 /* PokemonSpeciesVariety.swift in Sources */ = {isa = PBXBuildFile; fileRef = 3278E44425BE399A00604819 /* PokemonSpeciesVariety.swift */; };
		32A6AF9A25BD9FCC00BDCABB /* ItemDetailViewController.swift in Sources */ = {isa = PBXBuildFile; fileRef = 32A6AF9825BD9FCC00BDCABB /* ItemDetailViewController.swift */; };
		32A6AF9B25BD9FCC00BDCABB /* ItemDetailViewController.xib in Resources */ = {isa = PBXBuildFile; fileRef = 32A6AF9925BD9FCC00BDCABB /* ItemDetailViewController.xib */; };
		32A6AF9F25BDA62E00BDCABB /* ItemDetailViewModel.swift in Sources */ = {isa = PBXBuildFile; fileRef = 32A6AF9E25BDA62E00BDCABB /* ItemDetailViewModel.swift */; };
		32A6AFA325BDAA8400BDCABB /* ItemAttribute.swift in Sources */ = {isa = PBXBuildFile; fileRef = 32A6AFA225BDAA8400BDCABB /* ItemAttribute.swift */; };
		32A6AFA725BDAAD900BDCABB /* Description.swift in Sources */ = {isa = PBXBuildFile; fileRef = 32A6AFA625BDAAD900BDCABB /* Description.swift */; };
/* End PBXBuildFile section */

/* Begin PBXContainerItemProxy section */
		3222690525BC4C040088F8DD /* PBXContainerItemProxy */ = {
			isa = PBXContainerItemProxy;
			containerPortal = 322268E625BC4C030088F8DD /* Project object */;
			proxyType = 1;
			remoteGlobalIDString = 322268ED25BC4C030088F8DD;
			remoteInfo = Pokedex;
		};
/* End PBXContainerItemProxy section */

/* Begin PBXFileReference section */
		321C176C25BDB08800C5C62B /* Theme.swift */ = {isa = PBXFileReference; lastKnownFileType = sourcecode.swift; path = Theme.swift; sourceTree = "<group>"; };
		321C177025BDB94C00C5C62B /* MoveDetailViewController.swift */ = {isa = PBXFileReference; lastKnownFileType = sourcecode.swift; path = MoveDetailViewController.swift; sourceTree = "<group>"; };
		321C177125BDB94C00C5C62B /* MoveDetailViewController.xib */ = {isa = PBXFileReference; lastKnownFileType = file.xib; path = MoveDetailViewController.xib; sourceTree = "<group>"; };
		321C177625BDBA2400C5C62B /* TypeTagView.swift */ = {isa = PBXFileReference; lastKnownFileType = sourcecode.swift; path = TypeTagView.swift; sourceTree = "<group>"; };
		321C177A25BDC45E00C5C62B /* MoveDetailViewModel.swift */ = {isa = PBXFileReference; lastKnownFileType = sourcecode.swift; path = MoveDetailViewModel.swift; sourceTree = "<group>"; };
		321C177E25BDD02A00C5C62B /* Ability.swift */ = {isa = PBXFileReference; lastKnownFileType = sourcecode.swift; path = Ability.swift; sourceTree = "<group>"; };
		321C178225BDD07600C5C62B /* AbilityFlavorText.swift */ = {isa = PBXFileReference; lastKnownFileType = sourcecode.swift; path = AbilityFlavorText.swift; sourceTree = "<group>"; };
		321C178625BDD28E00C5C62B /* EggGroup.swift */ = {isa = PBXFileReference; lastKnownFileType = sourcecode.swift; path = EggGroup.swift; sourceTree = "<group>"; };
		321C178A25BDD41600C5C62B /* PokemonSpecies.swift */ = {isa = PBXFileReference; lastKnownFileType = sourcecode.swift; path = PokemonSpecies.swift; sourceTree = "<group>"; };
		321C178E25BDD52100C5C62B /* PokemonHabitat.swift */ = {isa = PBXFileReference; lastKnownFileType = sourcecode.swift; path = PokemonHabitat.swift; sourceTree = "<group>"; };
		321C179225BDD57E00C5C62B /* Generation.swift */ = {isa = PBXFileReference; lastKnownFileType = sourcecode.swift; path = Generation.swift; sourceTree = "<group>"; };
		321C179625BDD65C00C5C62B /* RefType.swift */ = {isa = PBXFileReference; lastKnownFileType = sourcecode.swift; path = RefType.swift; sourceTree = "<group>"; };
		321C179C25BDD69A00C5C62B /* EvolutionChain.swift */ = {isa = PBXFileReference; lastKnownFileType = sourcecode.swift; path = EvolutionChain.swift; sourceTree = "<group>"; };
		321C17A025BDD6E100C5C62B /* ChainLink.swift */ = {isa = PBXFileReference; lastKnownFileType = sourcecode.swift; path = ChainLink.swift; sourceTree = "<group>"; };
		321C17A425BDD80200C5C62B /* EvolutionDetail.swift */ = {isa = PBXFileReference; lastKnownFileType = sourcecode.swift; path = EvolutionDetail.swift; sourceTree = "<group>"; };
		321C17A825BDE21A00C5C62B /* PokemonDetailViewController.swift */ = {isa = PBXFileReference; lastKnownFileType = sourcecode.swift; path = PokemonDetailViewController.swift; sourceTree = "<group>"; };
		321C17A925BDE21A00C5C62B /* PokemonDetailViewController.xib */ = {isa = PBXFileReference; lastKnownFileType = file.xib; path = PokemonDetailViewController.xib; sourceTree = "<group>"; };
		322268EE25BC4C030088F8DD /* Pokedex.app */ = {isa = PBXFileReference; explicitFileType = wrapper.application; includeInIndex = 0; path = Pokedex.app; sourceTree = BUILT_PRODUCTS_DIR; };
		322268F125BC4C030088F8DD /* AppDelegate.swift */ = {isa = PBXFileReference; lastKnownFileType = sourcecode.swift; path = AppDelegate.swift; sourceTree = "<group>"; };
		322268F325BC4C030088F8DD /* SceneDelegate.swift */ = {isa = PBXFileReference; lastKnownFileType = sourcecode.swift; path = SceneDelegate.swift; sourceTree = "<group>"; };
		322268FA25BC4C040088F8DD /* Assets.xcassets */ = {isa = PBXFileReference; lastKnownFileType = folder.assetcatalog; path = Assets.xcassets; sourceTree = "<group>"; };
		322268FD25BC4C040088F8DD /* Base */ = {isa = PBXFileReference; lastKnownFileType = file.storyboard; name = Base; path = Base.lproj/LaunchScreen.storyboard; sourceTree = "<group>"; };
		322268FF25BC4C040088F8DD /* Info.plist */ = {isa = PBXFileReference; lastKnownFileType = text.plist.xml; path = Info.plist; sourceTree = "<group>"; };
		3222690425BC4C040088F8DD /* PokedexTests.xctest */ = {isa = PBXFileReference; explicitFileType = wrapper.cfbundle; includeInIndex = 0; path = PokedexTests.xctest; sourceTree = BUILT_PRODUCTS_DIR; };
		3222690825BC4C040088F8DD /* PokedexTests.swift */ = {isa = PBXFileReference; lastKnownFileType = sourcecode.swift; path = PokedexTests.swift; sourceTree = "<group>"; };
		3222690A25BC4C040088F8DD /* Info.plist */ = {isa = PBXFileReference; lastKnownFileType = text.plist.xml; path = Info.plist; sourceTree = "<group>"; };
		3222693425BC50870088F8DD /* AppCoordinator.swift */ = {isa = PBXFileReference; lastKnownFileType = sourcecode.swift; path = AppCoordinator.swift; sourceTree = "<group>"; };
		3222693825BC50930088F8DD /* Coordinator.swift */ = {isa = PBXFileReference; lastKnownFileType = sourcecode.swift; path = Coordinator.swift; sourceTree = "<group>"; };
		3222693E25BC56F60088F8DD /* PokemonsViewController.swift */ = {isa = PBXFileReference; lastKnownFileType = sourcecode.swift; path = PokemonsViewController.swift; sourceTree = "<group>"; };
		3222693F25BC56F60088F8DD /* PokemonsViewController.xib */ = {isa = PBXFileReference; lastKnownFileType = file.xib; path = PokemonsViewController.xib; sourceTree = "<group>"; };
		3222694425BC57190088F8DD /* MovesViewController.swift */ = {isa = PBXFileReference; lastKnownFileType = sourcecode.swift; path = MovesViewController.swift; sourceTree = "<group>"; };
		3222694525BC57190088F8DD /* MovesViewController.xib */ = {isa = PBXFileReference; lastKnownFileType = file.xib; path = MovesViewController.xib; sourceTree = "<group>"; };
		3222694A25BC572F0088F8DD /* ItemsViewController.swift */ = {isa = PBXFileReference; lastKnownFileType = sourcecode.swift; path = ItemsViewController.swift; sourceTree = "<group>"; };
		3222694B25BC572F0088F8DD /* ItemsViewController.xib */ = {isa = PBXFileReference; lastKnownFileType = file.xib; path = ItemsViewController.xib; sourceTree = "<group>"; };
		3222695025BC57510088F8DD /* PokemonsCoordinator.swift */ = {isa = PBXFileReference; lastKnownFileType = sourcecode.swift; path = PokemonsCoordinator.swift; sourceTree = "<group>"; };
		3222695425BC577B0088F8DD /* MovesCoordinator.swift */ = {isa = PBXFileReference; lastKnownFileType = sourcecode.swift; path = MovesCoordinator.swift; sourceTree = "<group>"; };
		3222695825BC578E0088F8DD /* ItemsCoordinator.swift */ = {isa = PBXFileReference; lastKnownFileType = sourcecode.swift; path = ItemsCoordinator.swift; sourceTree = "<group>"; };
		3222695D25BC595C0088F8DD /* NavigationBar.swift */ = {isa = PBXFileReference; lastKnownFileType = sourcecode.swift; path = NavigationBar.swift; sourceTree = "<group>"; };
		3222696225BC5ADB0088F8DD /* Colors.swift */ = {isa = PBXFileReference; lastKnownFileType = sourcecode.swift; path = Colors.swift; sourceTree = "<group>"; };
		3222696625BC5FD10088F8DD /* Fonts.swift */ = {isa = PBXFileReference; lastKnownFileType = sourcecode.swift; path = Fonts.swift; sourceTree = "<group>"; };
		3222696A25BC76350088F8DD /* GradientView.swift */ = {isa = PBXFileReference; lastKnownFileType = sourcecode.swift; path = GradientView.swift; sourceTree = "<group>"; };
		3222696E25BC7D3F0088F8DD /* PaginatedResponse.swift */ = {isa = PBXFileReference; lastKnownFileType = sourcecode.swift; path = PaginatedResponse.swift; sourceTree = "<group>"; };
		3222697325BC7DF00088F8DD /* Pokemon.swift */ = {isa = PBXFileReference; lastKnownFileType = sourcecode.swift; path = Pokemon.swift; sourceTree = "<group>"; };
		3222697925BC81260088F8DD /* PokemonType.swift */ = {isa = PBXFileReference; lastKnownFileType = sourcecode.swift; path = PokemonType.swift; sourceTree = "<group>"; };
		3222697E25BC82CC0088F8DD /* NamedRefType.swift */ = {isa = PBXFileReference; lastKnownFileType = sourcecode.swift; path = NamedRefType.swift; sourceTree = "<group>"; };
		3222698425BC83730088F8DD /* PokemonAbility.swift */ = {isa = PBXFileReference; lastKnownFileType = sourcecode.swift; path = PokemonAbility.swift; sourceTree = "<group>"; };
		3222698825BC83E60088F8DD /* PokemonMove.swift */ = {isa = PBXFileReference; lastKnownFileType = sourcecode.swift; path = PokemonMove.swift; sourceTree = "<group>"; };
		3222698C25BC84220088F8DD /* PokemonSprites.swift */ = {isa = PBXFileReference; lastKnownFileType = sourcecode.swift; path = PokemonSprites.swift; sourceTree = "<group>"; };
		3222699025BC844D0088F8DD /* PokemonStat.swift */ = {isa = PBXFileReference; lastKnownFileType = sourcecode.swift; path = PokemonStat.swift; sourceTree = "<group>"; };
		3222699625BC8D620088F8DD /* ApiResource.swift */ = {isa = PBXFileReference; lastKnownFileType = sourcecode.swift; path = ApiResource.swift; sourceTree = "<group>"; };
		322FD39125BE0194005884A9 /* PokemonDetailViewModel.swift */ = {isa = PBXFileReference; lastKnownFileType = sourcecode.swift; path = PokemonDetailViewModel.swift; sourceTree = "<group>"; };
		322FD39525BE0751005884A9 /* PokemonInfoTableViewCell.swift */ = {isa = PBXFileReference; lastKnownFileType = sourcecode.swift; path = PokemonInfoTableViewCell.swift; sourceTree = "<group>"; };
		322FD39625BE0751005884A9 /* PokemonInfoTableViewCell.xib */ = {isa = PBXFileReference; lastKnownFileType = file.xib; path = PokemonInfoTableViewCell.xib; sourceTree = "<group>"; };
		322FD39B25BE0D12005884A9 /* StatsSections.swift */ = {isa = PBXFileReference; lastKnownFileType = sourcecode.swift; path = StatsSections.swift; sourceTree = "<group>"; };
		322FD3A525BE0EE3005884A9 /* PokemonMoveCellViewModel.swift */ = {isa = PBXFileReference; lastKnownFileType = sourcecode.swift; path = PokemonMoveCellViewModel.swift; sourceTree = "<group>"; };
		322FD3A925BE0FE3005884A9 /* PokemonAbilityCellViewModel.swift */ = {isa = PBXFileReference; lastKnownFileType = sourcecode.swift; path = PokemonAbilityCellViewModel.swift; sourceTree = "<group>"; };
		322FD3AD25BE1356005884A9 /* FlavorText.swift */ = {isa = PBXFileReference; lastKnownFileType = sourcecode.swift; path = FlavorText.swift; sourceTree = "<group>"; };
		322FD3B125BE157A005884A9 /* PokemonSelecSectionTableViewCell.swift */ = {isa = PBXFileReference; lastKnownFileType = sourcecode.swift; path = PokemonSelecSectionTableViewCell.swift; sourceTree = "<group>"; };
		322FD3B225BE157A005884A9 /* PokemonSelecSectionTableViewCell.xib */ = {isa = PBXFileReference; lastKnownFileType = file.xib; path = PokemonSelecSectionTableViewCell.xib; sourceTree = "<group>"; };
		322FD3B825BE229F005884A9 /* PokemonMoveVersion.swift */ = {isa = PBXFileReference; lastKnownFileType = sourcecode.swift; path = PokemonMoveVersion.swift; sourceTree = "<group>"; };
		322FD3C025BE23D1005884A9 /* PokemonMoveTableViewCell.swift */ = {isa = PBXFileReference; lastKnownFileType = sourcecode.swift; path = PokemonMoveTableViewCell.swift; sourceTree = "<group>"; };
		322FD3C125BE23D1005884A9 /* PokemonMoveTableViewCell.xib */ = {isa = PBXFileReference; lastKnownFileType = file.xib; path = PokemonMoveTableViewCell.xib; sourceTree = "<group>"; };
		324773FE25BC93AA00D83813 /* NetworkRequest.swift */ = {isa = PBXFileReference; lastKnownFileType = sourcecode.swift; path = NetworkRequest.swift; sourceTree = "<group>"; };
		3247740225BC977300D83813 /* ApiRequest.swift */ = {isa = PBXFileReference; lastKnownFileType = sourcecode.swift; path = ApiRequest.swift; sourceTree = "<group>"; };
		3247740925BC98F500D83813 /* PokemonListResource.swift */ = {isa = PBXFileReference; lastKnownFileType = sourcecode.swift; path = PokemonListResource.swift; sourceTree = "<group>"; };
		3247740D25BC9B7100D83813 /* PokemonResource.swift */ = {isa = PBXFileReference; lastKnownFileType = sourcecode.swift; path = PokemonResource.swift; sourceTree = "<group>"; };
		3247741925BCA21F00D83813 /* PokemonCellViewModel.swift */ = {isa = PBXFileReference; lastKnownFileType = sourcecode.swift; path = PokemonCellViewModel.swift; sourceTree = "<group>"; };
		3247741D25BCA39A00D83813 /* Constants.swift */ = {isa = PBXFileReference; lastKnownFileType = sourcecode.swift; path = Constants.swift; sourceTree = "<group>"; };
		3247742725BCA8E200D83813 /* Move.swift */ = {isa = PBXFileReference; lastKnownFileType = sourcecode.swift; path = Move.swift; sourceTree = "<group>"; };
		3247742B25BCAC0600D83813 /* MoveFlavorText.swift */ = {isa = PBXFileReference; lastKnownFileType = sourcecode.swift; path = MoveFlavorText.swift; sourceTree = "<group>"; };
		3247743725BCC4F900D83813 /* PokemonTableViewCell.swift */ = {isa = PBXFileReference; lastKnownFileType = sourcecode.swift; path = PokemonTableViewCell.swift; sourceTree = "<group>"; };
		3247743825BCC4F900D83813 /* PokemonTableViewCell.xib */ = {isa = PBXFileReference; lastKnownFileType = file.xib; path = PokemonTableViewCell.xib; sourceTree = "<group>"; };
		3247743D25BCC7D800D83813 /* ImageRequest.swift */ = {isa = PBXFileReference; lastKnownFileType = sourcecode.swift; path = ImageRequest.swift; sourceTree = "<group>"; };
		3247744125BCCD3600D83813 /* MoveListResource.swift */ = {isa = PBXFileReference; lastKnownFileType = sourcecode.swift; path = MoveListResource.swift; sourceTree = "<group>"; };
		3247744725BCCDEC00D83813 /* MoveCellViewModel.swift */ = {isa = PBXFileReference; lastKnownFileType = sourcecode.swift; path = MoveCellViewModel.swift; sourceTree = "<group>"; };
		3247744F25BCCFEF00D83813 /* MoveTableViewCell.swift */ = {isa = PBXFileReference; lastKnownFileType = sourcecode.swift; path = MoveTableViewCell.swift; sourceTree = "<group>"; };
		3247745025BCCFEF00D83813 /* MoveTableViewCell.xib */ = {isa = PBXFileReference; lastKnownFileType = file.xib; path = MoveTableViewCell.xib; sourceTree = "<group>"; };
		3247745725BCD2FE00D83813 /* Name.swift */ = {isa = PBXFileReference; lastKnownFileType = sourcecode.swift; path = Name.swift; sourceTree = "<group>"; };
		3247745B25BCD43600D83813 /* ItemListResource.swift */ = {isa = PBXFileReference; lastKnownFileType = sourcecode.swift; path = ItemListResource.swift; sourceTree = "<group>"; };
		3247745F25BCD4A300D83813 /* Item.swift */ = {isa = PBXFileReference; lastKnownFileType = sourcecode.swift; path = Item.swift; sourceTree = "<group>"; };
		3247746325BCD55B00D83813 /* ItemCellViewModel.swift */ = {isa = PBXFileReference; lastKnownFileType = sourcecode.swift; path = ItemCellViewModel.swift; sourceTree = "<group>"; };
		3247746725BCD72300D83813 /* ItemTableViewCell.swift */ = {isa = PBXFileReference; lastKnownFileType = sourcecode.swift; path = ItemTableViewCell.swift; sourceTree = "<group>"; };
		3247746825BCD72300D83813 /* ItemTableViewCell.xib */ = {isa = PBXFileReference; lastKnownFileType = file.xib; path = ItemTableViewCell.xib; sourceTree = "<group>"; };
		3247747525BCDD7600D83813 /* VersionGroupFlavorText.swift */ = {isa = PBXFileReference; lastKnownFileType = sourcecode.swift; path = VersionGroupFlavorText.swift; sourceTree = "<group>"; };
		325D20FB25BE418D000384F8 /* GradientProgressView.swift */ = {isa = PBXFileReference; lastKnownFileType = sourcecode.swift; path = GradientProgressView.swift; sourceTree = "<group>"; };
		325D20FF25BE4425000384F8 /* PokemonStatsTableViewCell.swift */ = {isa = PBXFileReference; lastKnownFileType = sourcecode.swift; path = PokemonStatsTableViewCell.swift; sourceTree = "<group>"; };
		325D210025BE4425000384F8 /* PokemonStatsTableViewCell.xib */ = {isa = PBXFileReference; lastKnownFileType = file.xib; path = PokemonStatsTableViewCell.xib; sourceTree = "<group>"; };
		325D210525BE467F000384F8 /* PokemonStatsCellViewModel.swift */ = {isa = PBXFileReference; lastKnownFileType = sourcecode.swift; path = PokemonStatsCellViewModel.swift; sourceTree = "<group>"; };
		325D210925BE4F9D000384F8 /* SectionTitleTableViewCell.swift */ = {isa = PBXFileReference; lastKnownFileType = sourcecode.swift; path = SectionTitleTableViewCell.swift; sourceTree = "<group>"; };
		325D210A25BE4F9D000384F8 /* SectionTitleTableViewCell.xib */ = {isa = PBXFileReference; lastKnownFileType = file.xib; path = SectionTitleTableViewCell.xib; sourceTree = "<group>"; };
		325D210F25BE53B7000384F8 /* PokemonAbilityTableViewCell.swift */ = {isa = PBXFileReference; lastKnownFileType = sourcecode.swift; path = PokemonAbilityTableViewCell.swift; sourceTree = "<group>"; };
		325D211025BE53B7000384F8 /* PokemonAbilityTableViewCell.xib */ = {isa = PBXFileReference; lastKnownFileType = file.xib; path = PokemonAbilityTableViewCell.xib; sourceTree = "<group>"; };
		325D211525BE5686000384F8 /* VerboseEffect.swift */ = {isa = PBXFileReference; lastKnownFileType = sourcecode.swift; path = VerboseEffect.swift; sourceTree = "<group>"; };
		325D211925BE5AEF000384F8 /* PokemonBreedingTableViewCell.swift */ = {isa = PBXFileReference; lastKnownFileType = sourcecode.swift; path = PokemonBreedingTableViewCell.swift; sourceTree = "<group>"; };
		325D211A25BE5AEF000384F8 /* PokemonBreedingTableViewCell.xib */ = {isa = PBXFileReference; lastKnownFileType = file.xib; path = PokemonBreedingTableViewCell.xib; sourceTree = "<group>"; };
		325D211F25BE5D72000384F8 /* PokemonBreedingCellViewModel.swift */ = {isa = PBXFileReference; lastKnownFileType = sourcecode.swift; path = PokemonBreedingCellViewModel.swift; sourceTree = "<group>"; };
		325D212325BE6121000384F8 /* PokemonCaptureCellViewModel.swift */ = {isa = PBXFileReference; lastKnownFileType = sourcecode.swift; path = PokemonCaptureCellViewModel.swift; sourceTree = "<group>"; };
		325D212725BE6218000384F8 /* PokemonCaptureTableViewCell.swift */ = {isa = PBXFileReference; lastKnownFileType = sourcecode.swift; path = PokemonCaptureTableViewCell.swift; sourceTree = "<group>"; };
		325D212825BE6218000384F8 /* PokemonCaptureTableViewCell.xib */ = {isa = PBXFileReference; lastKnownFileType = file.xib; path = PokemonCaptureTableViewCell.xib; sourceTree = "<group>"; };
		3278E43A25BE339B00604819 /* PokemonEvolutionTableViewCell.swift */ = {isa = PBXFileReference; lastKnownFileType = sourcecode.swift; path = PokemonEvolutionTableViewCell.swift; sourceTree = "<group>"; };
		3278E43B25BE339B00604819 /* PokemonEvolutionTableViewCell.xib */ = {isa = PBXFileReference; lastKnownFileType = file.xib; path = PokemonEvolutionTableViewCell.xib; sourceTree = "<group>"; };
		3278E44025BE352900604819 /* PokemonEvolutionCellViewModel.swift */ = {isa = PBXFileReference; lastKnownFileType = sourcecode.swift; path = PokemonEvolutionCellViewModel.swift; sourceTree = "<group>"; };
		3278E44425BE399A00604819 /* PokemonSpeciesVariety.swift */ = {isa = PBXFileReference; lastKnownFileType = sourcecode.swift; path = PokemonSpeciesVariety.swift; sourceTree = "<group>"; };
		32A6AF9825BD9FCC00BDCABB /* ItemDetailViewController.swift */ = {isa = PBXFileReference; lastKnownFileType = sourcecode.swift; path = ItemDetailViewController.swift; sourceTree = "<group>"; };
		32A6AF9925BD9FCC00BDCABB /* ItemDetailViewController.xib */ = {isa = PBXFileReference; lastKnownFileType = file.xib; path = ItemDetailViewController.xib; sourceTree = "<group>"; };
		32A6AF9E25BDA62E00BDCABB /* ItemDetailViewModel.swift */ = {isa = PBXFileReference; lastKnownFileType = sourcecode.swift; path = ItemDetailViewModel.swift; sourceTree = "<group>"; };
		32A6AFA225BDAA8400BDCABB /* ItemAttribute.swift */ = {isa = PBXFileReference; lastKnownFileType = sourcecode.swift; path = ItemAttribute.swift; sourceTree = "<group>"; };
		32A6AFA625BDAAD900BDCABB /* Description.swift */ = {isa = PBXFileReference; lastKnownFileType = sourcecode.swift; path = Description.swift; sourceTree = "<group>"; };
/* End PBXFileReference section */

/* Begin PBXFrameworksBuildPhase section */
		322268EB25BC4C030088F8DD /* Frameworks */ = {
			isa = PBXFrameworksBuildPhase;
			buildActionMask = 2147483647;
			files = (
			);
			runOnlyForDeploymentPostprocessing = 0;
		};
		3222690125BC4C040088F8DD /* Frameworks */ = {
			isa = PBXFrameworksBuildPhase;
			buildActionMask = 2147483647;
			files = (
			);
			runOnlyForDeploymentPostprocessing = 0;
		};
/* End PBXFrameworksBuildPhase section */

/* Begin PBXGroup section */
		321C17AE25BDE3BA00C5C62B /* Detail */ = {
			isa = PBXGroup;
			children = (
				322FD39B25BE0D12005884A9 /* StatsSections.swift */,
				321C17A825BDE21A00C5C62B /* PokemonDetailViewController.swift */,
				321C17A925BDE21A00C5C62B /* PokemonDetailViewController.xib */,
				322FD39525BE0751005884A9 /* PokemonInfoTableViewCell.swift */,
				322FD39625BE0751005884A9 /* PokemonInfoTableViewCell.xib */,
				322FD3B125BE157A005884A9 /* PokemonSelecSectionTableViewCell.swift */,
				322FD3B225BE157A005884A9 /* PokemonSelecSectionTableViewCell.xib */,
				322FD3C025BE23D1005884A9 /* PokemonMoveTableViewCell.swift */,
				322FD3C125BE23D1005884A9 /* PokemonMoveTableViewCell.xib */,
				3278E43A25BE339B00604819 /* PokemonEvolutionTableViewCell.swift */,
				3278E43B25BE339B00604819 /* PokemonEvolutionTableViewCell.xib */,
				325D20FF25BE4425000384F8 /* PokemonStatsTableViewCell.swift */,
				325D210025BE4425000384F8 /* PokemonStatsTableViewCell.xib */,
				325D210925BE4F9D000384F8 /* SectionTitleTableViewCell.swift */,
				325D210A25BE4F9D000384F8 /* SectionTitleTableViewCell.xib */,
				325D210F25BE53B7000384F8 /* PokemonAbilityTableViewCell.swift */,
				325D211025BE53B7000384F8 /* PokemonAbilityTableViewCell.xib */,
				325D211925BE5AEF000384F8 /* PokemonBreedingTableViewCell.swift */,
				325D211A25BE5AEF000384F8 /* PokemonBreedingTableViewCell.xib */,
				325D212725BE6218000384F8 /* PokemonCaptureTableViewCell.swift */,
				325D212825BE6218000384F8 /* PokemonCaptureTableViewCell.xib */,
			);
			path = Detail;
			sourceTree = "<group>";
		};
		322268E525BC4C030088F8DD = {
			isa = PBXGroup;
			children = (
				322268F025BC4C030088F8DD /* Pokedex */,
				3222690725BC4C040088F8DD /* PokedexTests */,
				322268EF25BC4C030088F8DD /* Products */,
			);
			sourceTree = "<group>";
		};
		322268EF25BC4C030088F8DD /* Products */ = {
			isa = PBXGroup;
			children = (
				322268EE25BC4C030088F8DD /* Pokedex.app */,
				3222690425BC4C040088F8DD /* PokedexTests.xctest */,
			);
			name = Products;
			sourceTree = "<group>";
		};
		322268F025BC4C030088F8DD /* Pokedex */ = {
			isa = PBXGroup;
			children = (
				3222693025BC50300088F8DD /* Coordinators */,
				3222693125BC50400088F8DD /* Networking */,
				3222697225BC7DE20088F8DD /* Model */,
				3222693225BC504B0088F8DD /* Views */,
				3222693325BC50550088F8DD /* View Models */,
				3222696125BC5ACE0088F8DD /* Utils */,
				322268F125BC4C030088F8DD /* AppDelegate.swift */,
				322268F325BC4C030088F8DD /* SceneDelegate.swift */,
				322268FA25BC4C040088F8DD /* Assets.xcassets */,
				322268FC25BC4C040088F8DD /* LaunchScreen.storyboard */,
				322268FF25BC4C040088F8DD /* Info.plist */,
			);
			path = Pokedex;
			sourceTree = "<group>";
		};
		3222690725BC4C040088F8DD /* PokedexTests */ = {
			isa = PBXGroup;
			children = (
				3222690825BC4C040088F8DD /* PokedexTests.swift */,
				3222690A25BC4C040088F8DD /* Info.plist */,
			);
			path = PokedexTests;
			sourceTree = "<group>";
		};
		3222693025BC50300088F8DD /* Coordinators */ = {
			isa = PBXGroup;
			children = (
				3222693825BC50930088F8DD /* Coordinator.swift */,
				3222693425BC50870088F8DD /* AppCoordinator.swift */,
				3222695025BC57510088F8DD /* PokemonsCoordinator.swift */,
				3222695425BC577B0088F8DD /* MovesCoordinator.swift */,
				3222695825BC578E0088F8DD /* ItemsCoordinator.swift */,
			);
			path = Coordinators;
			sourceTree = "<group>";
		};
		3222693125BC50400088F8DD /* Networking */ = {
			isa = PBXGroup;
			children = (
				3247740825BC98DA00D83813 /* Api Resources */,
				3222696E25BC7D3F0088F8DD /* PaginatedResponse.swift */,
				324773FE25BC93AA00D83813 /* NetworkRequest.swift */,
				3247740225BC977300D83813 /* ApiRequest.swift */,
				3247743D25BCC7D800D83813 /* ImageRequest.swift */,
			);
			path = Networking;
			sourceTree = "<group>";
		};
		3222693225BC504B0088F8DD /* Views */ = {
			isa = PBXGroup;
			children = (
				3222695C25BC591E0088F8DD /* Custom views */,
				3247744C25BCCFB800D83813 /* Pokemons */,
				3247744D25BCCFC800D83813 /* Moves */,
				3247744E25BCCFD500D83813 /* Items */,
			);
			path = Views;
			sourceTree = "<group>";
		};
		3222693325BC50550088F8DD /* View Models */ = {
			isa = PBXGroup;
			children = (
				3247741925BCA21F00D83813 /* PokemonCellViewModel.swift */,
				3247744725BCCDEC00D83813 /* MoveCellViewModel.swift */,
				3247746325BCD55B00D83813 /* ItemCellViewModel.swift */,
				32A6AF9E25BDA62E00BDCABB /* ItemDetailViewModel.swift */,
				321C177A25BDC45E00C5C62B /* MoveDetailViewModel.swift */,
				322FD39125BE0194005884A9 /* PokemonDetailViewModel.swift */,
				322FD3A525BE0EE3005884A9 /* PokemonMoveCellViewModel.swift */,
				322FD3A925BE0FE3005884A9 /* PokemonAbilityCellViewModel.swift */,
				3278E44025BE352900604819 /* PokemonEvolutionCellViewModel.swift */,
				325D210525BE467F000384F8 /* PokemonStatsCellViewModel.swift */,
				325D211F25BE5D72000384F8 /* PokemonBreedingCellViewModel.swift */,
				325D212325BE6121000384F8 /* PokemonCaptureCellViewModel.swift */,
			);
			path = "View Models";
			sourceTree = "<group>";
		};
		3222695C25BC591E0088F8DD /* Custom views */ = {
			isa = PBXGroup;
			children = (
				3222695D25BC595C0088F8DD /* NavigationBar.swift */,
				3222696A25BC76350088F8DD /* GradientView.swift */,
				321C177625BDBA2400C5C62B /* TypeTagView.swift */,
				325D20FB25BE418D000384F8 /* GradientProgressView.swift */,
			);
			path = "Custom views";
			sourceTree = "<group>";
		};
		3222696125BC5ACE0088F8DD /* Utils */ = {
			isa = PBXGroup;
			children = (
				3222696225BC5ADB0088F8DD /* Colors.swift */,
				3222696625BC5FD10088F8DD /* Fonts.swift */,
				3247741D25BCA39A00D83813 /* Constants.swift */,
				321C176C25BDB08800C5C62B /* Theme.swift */,
			);
			path = Utils;
			sourceTree = "<group>";
		};
		3222697225BC7DE20088F8DD /* Model */ = {
			isa = PBXGroup;
			children = (
				321C179625BDD65C00C5C62B /* RefType.swift */,
				3222697E25BC82CC0088F8DD /* NamedRefType.swift */,
				3222697325BC7DF00088F8DD /* Pokemon.swift */,
				3222697925BC81260088F8DD /* PokemonType.swift */,
				3222698425BC83730088F8DD /* PokemonAbility.swift */,
				3222698825BC83E60088F8DD /* PokemonMove.swift */,
				322FD3B825BE229F005884A9 /* PokemonMoveVersion.swift */,
				3222698C25BC84220088F8DD /* PokemonSprites.swift */,
				3222699025BC844D0088F8DD /* PokemonStat.swift */,
				3247742725BCA8E200D83813 /* Move.swift */,
				3247742B25BCAC0600D83813 /* MoveFlavorText.swift */,
				3247745725BCD2FE00D83813 /* Name.swift */,
				3247745F25BCD4A300D83813 /* Item.swift */,
				3247747525BCDD7600D83813 /* VersionGroupFlavorText.swift */,
				32A6AFA225BDAA8400BDCABB /* ItemAttribute.swift */,
				32A6AFA625BDAAD900BDCABB /* Description.swift */,
				321C177E25BDD02A00C5C62B /* Ability.swift */,
				321C178225BDD07600C5C62B /* AbilityFlavorText.swift */,
				321C178625BDD28E00C5C62B /* EggGroup.swift */,
				321C178A25BDD41600C5C62B /* PokemonSpecies.swift */,
				321C178E25BDD52100C5C62B /* PokemonHabitat.swift */,
				321C179225BDD57E00C5C62B /* Generation.swift */,
				321C179C25BDD69A00C5C62B /* EvolutionChain.swift */,
				321C17A025BDD6E100C5C62B /* ChainLink.swift */,
				321C17A425BDD80200C5C62B /* EvolutionDetail.swift */,
				322FD3AD25BE1356005884A9 /* FlavorText.swift */,
				3278E44425BE399A00604819 /* PokemonSpeciesVariety.swift */,
				325D211525BE5686000384F8 /* VerboseEffect.swift */,
			);
			path = Model;
			sourceTree = "<group>";
		};
		3247740825BC98DA00D83813 /* Api Resources */ = {
			isa = PBXGroup;
			children = (
				3222699625BC8D620088F8DD /* ApiResource.swift */,
				3247740925BC98F500D83813 /* PokemonListResource.swift */,
				3247740D25BC9B7100D83813 /* PokemonResource.swift */,
				3247744125BCCD3600D83813 /* MoveListResource.swift */,
				3247745B25BCD43600D83813 /* ItemListResource.swift */,
			);
			path = "Api Resources";
			sourceTree = "<group>";
		};
		3247744C25BCCFB800D83813 /* Pokemons */ = {
			isa = PBXGroup;
			children = (
				3222693E25BC56F60088F8DD /* PokemonsViewController.swift */,
				3222693F25BC56F60088F8DD /* PokemonsViewController.xib */,
				3247743725BCC4F900D83813 /* PokemonTableViewCell.swift */,
				3247743825BCC4F900D83813 /* PokemonTableViewCell.xib */,
				321C17AE25BDE3BA00C5C62B /* Detail */,
			);
			path = Pokemons;
			sourceTree = "<group>";
		};
		3247744D25BCCFC800D83813 /* Moves */ = {
			isa = PBXGroup;
			children = (
				3222694425BC57190088F8DD /* MovesViewController.swift */,
				3222694525BC57190088F8DD /* MovesViewController.xib */,
				3247744F25BCCFEF00D83813 /* MoveTableViewCell.swift */,
				3247745025BCCFEF00D83813 /* MoveTableViewCell.xib */,
				321C177025BDB94C00C5C62B /* MoveDetailViewController.swift */,
				321C177125BDB94C00C5C62B /* MoveDetailViewController.xib */,
			);
			path = Moves;
			sourceTree = "<group>";
		};
		3247744E25BCCFD500D83813 /* Items */ = {
			isa = PBXGroup;
			children = (
				3222694A25BC572F0088F8DD /* ItemsViewController.swift */,
				3222694B25BC572F0088F8DD /* ItemsViewController.xib */,
				3247746725BCD72300D83813 /* ItemTableViewCell.swift */,
				3247746825BCD72300D83813 /* ItemTableViewCell.xib */,
				32A6AF9825BD9FCC00BDCABB /* ItemDetailViewController.swift */,
				32A6AF9925BD9FCC00BDCABB /* ItemDetailViewController.xib */,
			);
			path = Items;
			sourceTree = "<group>";
		};
/* End PBXGroup section */

/* Begin PBXNativeTarget section */
		322268ED25BC4C030088F8DD /* Pokedex */ = {
			isa = PBXNativeTarget;
			buildConfigurationList = 3222691825BC4C040088F8DD /* Build configuration list for PBXNativeTarget "Pokedex" */;
			buildPhases = (
				322268EA25BC4C030088F8DD /* Sources */,
				322268EB25BC4C030088F8DD /* Frameworks */,
				322268EC25BC4C030088F8DD /* Resources */,
			);
			buildRules = (
			);
			dependencies = (
			);
			name = Pokedex;
			productName = Pokedex;
			productReference = 322268EE25BC4C030088F8DD /* Pokedex.app */;
			productType = "com.apple.product-type.application";
		};
		3222690325BC4C040088F8DD /* PokedexTests */ = {
			isa = PBXNativeTarget;
			buildConfigurationList = 3222691B25BC4C040088F8DD /* Build configuration list for PBXNativeTarget "PokedexTests" */;
			buildPhases = (
				3222690025BC4C040088F8DD /* Sources */,
				3222690125BC4C040088F8DD /* Frameworks */,
				3222690225BC4C040088F8DD /* Resources */,
			);
			buildRules = (
			);
			dependencies = (
				3222690625BC4C040088F8DD /* PBXTargetDependency */,
			);
			name = PokedexTests;
			productName = PokedexTests;
			productReference = 3222690425BC4C040088F8DD /* PokedexTests.xctest */;
			productType = "com.apple.product-type.bundle.unit-test";
		};
/* End PBXNativeTarget section */

/* Begin PBXProject section */
		322268E625BC4C030088F8DD /* Project object */ = {
			isa = PBXProject;
			attributes = {
				LastSwiftUpdateCheck = 1220;
				LastUpgradeCheck = 1220;
				TargetAttributes = {
					322268ED25BC4C030088F8DD = {
						CreatedOnToolsVersion = 12.2;
					};
					3222690325BC4C040088F8DD = {
						CreatedOnToolsVersion = 12.2;
						TestTargetID = 322268ED25BC4C030088F8DD;
					};
				};
			};
			buildConfigurationList = 322268E925BC4C030088F8DD /* Build configuration list for PBXProject "Pokedex" */;
			compatibilityVersion = "Xcode 9.3";
			developmentRegion = en;
			hasScannedForEncodings = 0;
			knownRegions = (
				en,
				Base,
			);
			mainGroup = 322268E525BC4C030088F8DD;
			productRefGroup = 322268EF25BC4C030088F8DD /* Products */;
			projectDirPath = "";
			projectRoot = "";
			targets = (
				322268ED25BC4C030088F8DD /* Pokedex */,
				3222690325BC4C040088F8DD /* PokedexTests */,
			);
		};
/* End PBXProject section */

/* Begin PBXResourcesBuildPhase section */
		322268EC25BC4C030088F8DD /* Resources */ = {
			isa = PBXResourcesBuildPhase;
			buildActionMask = 2147483647;
			files = (
				325D211225BE53B7000384F8 /* PokemonAbilityTableViewCell.xib in Resources */,
				3247746A25BCD72300D83813 /* ItemTableViewCell.xib in Resources */,
				322FD3B425BE157A005884A9 /* PokemonSelecSectionTableViewCell.xib in Resources */,
				322FD39825BE0751005884A9 /* PokemonInfoTableViewCell.xib in Resources */,
				325D210C25BE4F9D000384F8 /* SectionTitleTableViewCell.xib in Resources */,
				322268FE25BC4C040088F8DD /* LaunchScreen.storyboard in Resources */,
				321C177325BDB94C00C5C62B /* MoveDetailViewController.xib in Resources */,
				3247745225BCCFEF00D83813 /* MoveTableViewCell.xib in Resources */,
				3247743A25BCC4F900D83813 /* PokemonTableViewCell.xib in Resources */,
				3278E43D25BE339B00604819 /* PokemonEvolutionTableViewCell.xib in Resources */,
				3222694725BC57190088F8DD /* MovesViewController.xib in Resources */,
				325D210225BE4425000384F8 /* PokemonStatsTableViewCell.xib in Resources */,
				322FD3C325BE23D1005884A9 /* PokemonMoveTableViewCell.xib in Resources */,
				3222694125BC56F60088F8DD /* PokemonsViewController.xib in Resources */,
				3222694D25BC572F0088F8DD /* ItemsViewController.xib in Resources */,
				322268FB25BC4C040088F8DD /* Assets.xcassets in Resources */,
				325D212A25BE6218000384F8 /* PokemonCaptureTableViewCell.xib in Resources */,
				325D211C25BE5AEF000384F8 /* PokemonBreedingTableViewCell.xib in Resources */,
				321C17AB25BDE21A00C5C62B /* PokemonDetailViewController.xib in Resources */,
				32A6AF9B25BD9FCC00BDCABB /* ItemDetailViewController.xib in Resources */,
			);
			runOnlyForDeploymentPostprocessing = 0;
		};
		3222690225BC4C040088F8DD /* Resources */ = {
			isa = PBXResourcesBuildPhase;
			buildActionMask = 2147483647;
			files = (
			);
			runOnlyForDeploymentPostprocessing = 0;
		};
/* End PBXResourcesBuildPhase section */

/* Begin PBXSourcesBuildPhase section */
		322268EA25BC4C030088F8DD /* Sources */ = {
			isa = PBXSourcesBuildPhase;
			buildActionMask = 2147483647;
			files = (
				3278E44525BE399A00604819 /* PokemonSpeciesVariety.swift in Sources */,
				3247740325BC977300D83813 /* ApiRequest.swift in Sources */,
				3247743E25BCC7D800D83813 /* ImageRequest.swift in Sources */,
				3222693925BC50930088F8DD /* Coordinator.swift in Sources */,
				322FD39725BE0751005884A9 /* PokemonInfoTableViewCell.swift in Sources */,
				3247746925BCD72300D83813 /* ItemTableViewCell.swift in Sources */,
				322FD39C25BE0D12005884A9 /* StatsSections.swift in Sources */,
				322FD3AE25BE1356005884A9 /* FlavorText.swift in Sources */,
				3247744825BCCDEC00D83813 /* MoveCellViewModel.swift in Sources */,
				325D212925BE6218000384F8 /* PokemonCaptureTableViewCell.swift in Sources */,
				3222697A25BC81260088F8DD /* PokemonType.swift in Sources */,
				321C178B25BDD41600C5C62B /* PokemonSpecies.swift in Sources */,
				3222699725BC8D620088F8DD /* ApiResource.swift in Sources */,
				3222698525BC83730088F8DD /* PokemonAbility.swift in Sources */,
				3247746025BCD4A300D83813 /* Item.swift in Sources */,
				325D210B25BE4F9D000384F8 /* SectionTitleTableViewCell.swift in Sources */,
				3247741E25BCA39A00D83813 /* Constants.swift in Sources */,
				322FD3B325BE157A005884A9 /* PokemonSelecSectionTableViewCell.swift in Sources */,
				3222697425BC7DF00088F8DD /* Pokemon.swift in Sources */,
				3222698925BC83E60088F8DD /* PokemonMove.swift in Sources */,
				321C17AA25BDE21A00C5C62B /* PokemonDetailViewController.swift in Sources */,
				3222697F25BC82CC0088F8DD /* NamedRefType.swift in Sources */,
				322FD3AA25BE0FE3005884A9 /* PokemonAbilityCellViewModel.swift in Sources */,
				3247747625BCDD7600D83813 /* VersionGroupFlavorText.swift in Sources */,
				32A6AFA725BDAAD900BDCABB /* Description.swift in Sources */,
				3222696325BC5ADB0088F8DD /* Colors.swift in Sources */,
				32A6AFA325BDAA8400BDCABB /* ItemAttribute.swift in Sources */,
				325D210125BE4425000384F8 /* PokemonStatsTableViewCell.swift in Sources */,
				3247742825BCA8E200D83813 /* Move.swift in Sources */,
				321C179D25BDD69A00C5C62B /* EvolutionChain.swift in Sources */,
				322FD39225BE0194005884A9 /* PokemonDetailViewModel.swift in Sources */,
				321C177225BDB94C00C5C62B /* MoveDetailViewController.swift in Sources */,
				3222699125BC844D0088F8DD /* PokemonStat.swift in Sources */,
				3247741A25BCA21F00D83813 /* PokemonCellViewModel.swift in Sources */,
				3222696725BC5FD10088F8DD /* Fonts.swift in Sources */,
				3222693525BC50870088F8DD /* AppCoordinator.swift in Sources */,
				325D212025BE5D72000384F8 /* PokemonBreedingCellViewModel.swift in Sources */,
				3222696B25BC76350088F8DD /* GradientView.swift in Sources */,
				322268F225BC4C030088F8DD /* AppDelegate.swift in Sources */,
				32A6AF9F25BDA62E00BDCABB /* ItemDetailViewModel.swift in Sources */,
				3247743925BCC4F900D83813 /* PokemonTableViewCell.swift in Sources */,
				321C178325BDD07600C5C62B /* AbilityFlavorText.swift in Sources */,
				325D212425BE6121000384F8 /* PokemonCaptureCellViewModel.swift in Sources */,
				3247745125BCCFEF00D83813 /* MoveTableViewCell.swift in Sources */,
				321C177F25BDD02A00C5C62B /* Ability.swift in Sources */,
				322268F425BC4C030088F8DD /* SceneDelegate.swift in Sources */,
				325D210625BE467F000384F8 /* PokemonStatsCellViewModel.swift in Sources */,
				3278E44125BE352900604819 /* PokemonEvolutionCellViewModel.swift in Sources */,
				325D211B25BE5AEF000384F8 /* PokemonBreedingTableViewCell.swift in Sources */,
				322FD3C225BE23D1005884A9 /* PokemonMoveTableViewCell.swift in Sources */,
				3222695125BC57510088F8DD /* PokemonsCoordinator.swift in Sources */,
				321C178F25BDD52100C5C62B /* PokemonHabitat.swift in Sources */,
				321C17A125BDD6E100C5C62B /* ChainLink.swift in Sources */,
				3222695E25BC595C0088F8DD /* NavigationBar.swift in Sources */,
				3247740E25BC9B7100D83813 /* PokemonResource.swift in Sources */,
				3222694C25BC572F0088F8DD /* ItemsViewController.swift in Sources */,
				3222695525BC577B0088F8DD /* MovesCoordinator.swift in Sources */,
				321C178725BDD28E00C5C62B /* EggGroup.swift in Sources */,
				321C177725BDBA2400C5C62B /* TypeTagView.swift in Sources */,
				3247745825BCD2FE00D83813 /* Name.swift in Sources */,
				3247746425BCD55B00D83813 /* ItemCellViewModel.swift in Sources */,
				321C179725BDD65C00C5C62B /* RefType.swift in Sources */,
				322FD3A625BE0EE3005884A9 /* PokemonMoveCellViewModel.swift in Sources */,
				32A6AF9A25BD9FCC00BDCABB /* ItemDetailViewController.swift in Sources */,
				3222694025BC56F60088F8DD /* PokemonsViewController.swift in Sources */,
				3247744225BCCD3600D83813 /* MoveListResource.swift in Sources */,
				3222694625BC57190088F8DD /* MovesViewController.swift in Sources */,
				325D211625BE5686000384F8 /* VerboseEffect.swift in Sources */,
				3247742C25BCAC0600D83813 /* MoveFlavorText.swift in Sources */,
				325D20FC25BE418D000384F8 /* GradientProgressView.swift in Sources */,
				321C179325BDD57E00C5C62B /* Generation.swift in Sources */,
				3247740A25BC98F500D83813 /* PokemonListResource.swift in Sources */,
				3222695925BC578E0088F8DD /* ItemsCoordinator.swift in Sources */,
				321C177B25BDC45E00C5C62B /* MoveDetailViewModel.swift in Sources */,
				3278E43C25BE339B00604819 /* PokemonEvolutionTableViewCell.swift in Sources */,
				3247745C25BCD43600D83813 /* ItemListResource.swift in Sources */,
				321C176D25BDB08800C5C62B /* Theme.swift in Sources */,
				325D211125BE53B7000384F8 /* PokemonAbilityTableViewCell.swift in Sources */,
				322FD3B925BE229F005884A9 /* PokemonMoveVersion.swift in Sources */,
				321C17A525BDD80200C5C62B /* EvolutionDetail.swift in Sources */,
				3222696F25BC7D3F0088F8DD /* PaginatedResponse.swift in Sources */,
				3222698D25BC84220088F8DD /* PokemonSprites.swift in Sources */,
				324773FF25BC93AA00D83813 /* NetworkRequest.swift in Sources */,
			);
			runOnlyForDeploymentPostprocessing = 0;
		};
		3222690025BC4C040088F8DD /* Sources */ = {
			isa = PBXSourcesBuildPhase;
			buildActionMask = 2147483647;
			files = (
				3222690925BC4C040088F8DD /* PokedexTests.swift in Sources */,
			);
			runOnlyForDeploymentPostprocessing = 0;
		};
/* End PBXSourcesBuildPhase section */

/* Begin PBXTargetDependency section */
		3222690625BC4C040088F8DD /* PBXTargetDependency */ = {
			isa = PBXTargetDependency;
			target = 322268ED25BC4C030088F8DD /* Pokedex */;
			targetProxy = 3222690525BC4C040088F8DD /* PBXContainerItemProxy */;
		};
/* End PBXTargetDependency section */

/* Begin PBXVariantGroup section */
		322268FC25BC4C040088F8DD /* LaunchScreen.storyboard */ = {
			isa = PBXVariantGroup;
			children = (
				322268FD25BC4C040088F8DD /* Base */,
			);
			name = LaunchScreen.storyboard;
			sourceTree = "<group>";
		};
/* End PBXVariantGroup section */

/* Begin XCBuildConfiguration section */
		3222691625BC4C040088F8DD /* Debug */ = {
			isa = XCBuildConfiguration;
			buildSettings = {
				ALWAYS_SEARCH_USER_PATHS = NO;
				CLANG_ANALYZER_NONNULL = YES;
				CLANG_ANALYZER_NUMBER_OBJECT_CONVERSION = YES_AGGRESSIVE;
				CLANG_CXX_LANGUAGE_STANDARD = "gnu++14";
				CLANG_CXX_LIBRARY = "libc++";
				CLANG_ENABLE_MODULES = YES;
				CLANG_ENABLE_OBJC_ARC = YES;
				CLANG_ENABLE_OBJC_WEAK = YES;
				CLANG_WARN_BLOCK_CAPTURE_AUTORELEASING = YES;
				CLANG_WARN_BOOL_CONVERSION = YES;
				CLANG_WARN_COMMA = YES;
				CLANG_WARN_CONSTANT_CONVERSION = YES;
				CLANG_WARN_DEPRECATED_OBJC_IMPLEMENTATIONS = YES;
				CLANG_WARN_DIRECT_OBJC_ISA_USAGE = YES_ERROR;
				CLANG_WARN_DOCUMENTATION_COMMENTS = YES;
				CLANG_WARN_EMPTY_BODY = YES;
				CLANG_WARN_ENUM_CONVERSION = YES;
				CLANG_WARN_INFINITE_RECURSION = YES;
				CLANG_WARN_INT_CONVERSION = YES;
				CLANG_WARN_NON_LITERAL_NULL_CONVERSION = YES;
				CLANG_WARN_OBJC_IMPLICIT_RETAIN_SELF = YES;
				CLANG_WARN_OBJC_LITERAL_CONVERSION = YES;
				CLANG_WARN_OBJC_ROOT_CLASS = YES_ERROR;
				CLANG_WARN_QUOTED_INCLUDE_IN_FRAMEWORK_HEADER = YES;
				CLANG_WARN_RANGE_LOOP_ANALYSIS = YES;
				CLANG_WARN_STRICT_PROTOTYPES = YES;
				CLANG_WARN_SUSPICIOUS_MOVE = YES;
				CLANG_WARN_UNGUARDED_AVAILABILITY = YES_AGGRESSIVE;
				CLANG_WARN_UNREACHABLE_CODE = YES;
				CLANG_WARN__DUPLICATE_METHOD_MATCH = YES;
				COPY_PHASE_STRIP = NO;
				DEBUG_INFORMATION_FORMAT = dwarf;
				ENABLE_STRICT_OBJC_MSGSEND = YES;
				ENABLE_TESTABILITY = YES;
				GCC_C_LANGUAGE_STANDARD = gnu11;
				GCC_DYNAMIC_NO_PIC = NO;
				GCC_NO_COMMON_BLOCKS = YES;
				GCC_OPTIMIZATION_LEVEL = 0;
				GCC_PREPROCESSOR_DEFINITIONS = (
					"DEBUG=1",
					"$(inherited)",
				);
				GCC_WARN_64_TO_32_BIT_CONVERSION = YES;
				GCC_WARN_ABOUT_RETURN_TYPE = YES_ERROR;
				GCC_WARN_UNDECLARED_SELECTOR = YES;
				GCC_WARN_UNINITIALIZED_AUTOS = YES_AGGRESSIVE;
				GCC_WARN_UNUSED_FUNCTION = YES;
				GCC_WARN_UNUSED_VARIABLE = YES;
				IPHONEOS_DEPLOYMENT_TARGET = 14.2;
				MTL_ENABLE_DEBUG_INFO = INCLUDE_SOURCE;
				MTL_FAST_MATH = YES;
				ONLY_ACTIVE_ARCH = YES;
				SDKROOT = iphoneos;
				SWIFT_ACTIVE_COMPILATION_CONDITIONS = DEBUG;
				SWIFT_OPTIMIZATION_LEVEL = "-Onone";
			};
			name = Debug;
		};
		3222691725BC4C040088F8DD /* Release */ = {
			isa = XCBuildConfiguration;
			buildSettings = {
				ALWAYS_SEARCH_USER_PATHS = NO;
				CLANG_ANALYZER_NONNULL = YES;
				CLANG_ANALYZER_NUMBER_OBJECT_CONVERSION = YES_AGGRESSIVE;
				CLANG_CXX_LANGUAGE_STANDARD = "gnu++14";
				CLANG_CXX_LIBRARY = "libc++";
				CLANG_ENABLE_MODULES = YES;
				CLANG_ENABLE_OBJC_ARC = YES;
				CLANG_ENABLE_OBJC_WEAK = YES;
				CLANG_WARN_BLOCK_CAPTURE_AUTORELEASING = YES;
				CLANG_WARN_BOOL_CONVERSION = YES;
				CLANG_WARN_COMMA = YES;
				CLANG_WARN_CONSTANT_CONVERSION = YES;
				CLANG_WARN_DEPRECATED_OBJC_IMPLEMENTATIONS = YES;
				CLANG_WARN_DIRECT_OBJC_ISA_USAGE = YES_ERROR;
				CLANG_WARN_DOCUMENTATION_COMMENTS = YES;
				CLANG_WARN_EMPTY_BODY = YES;
				CLANG_WARN_ENUM_CONVERSION = YES;
				CLANG_WARN_INFINITE_RECURSION = YES;
				CLANG_WARN_INT_CONVERSION = YES;
				CLANG_WARN_NON_LITERAL_NULL_CONVERSION = YES;
				CLANG_WARN_OBJC_IMPLICIT_RETAIN_SELF = YES;
				CLANG_WARN_OBJC_LITERAL_CONVERSION = YES;
				CLANG_WARN_OBJC_ROOT_CLASS = YES_ERROR;
				CLANG_WARN_QUOTED_INCLUDE_IN_FRAMEWORK_HEADER = YES;
				CLANG_WARN_RANGE_LOOP_ANALYSIS = YES;
				CLANG_WARN_STRICT_PROTOTYPES = YES;
				CLANG_WARN_SUSPICIOUS_MOVE = YES;
				CLANG_WARN_UNGUARDED_AVAILABILITY = YES_AGGRESSIVE;
				CLANG_WARN_UNREACHABLE_CODE = YES;
				CLANG_WARN__DUPLICATE_METHOD_MATCH = YES;
				COPY_PHASE_STRIP = NO;
				DEBUG_INFORMATION_FORMAT = "dwarf-with-dsym";
				ENABLE_NS_ASSERTIONS = NO;
				ENABLE_STRICT_OBJC_MSGSEND = YES;
				GCC_C_LANGUAGE_STANDARD = gnu11;
				GCC_NO_COMMON_BLOCKS = YES;
				GCC_WARN_64_TO_32_BIT_CONVERSION = YES;
				GCC_WARN_ABOUT_RETURN_TYPE = YES_ERROR;
				GCC_WARN_UNDECLARED_SELECTOR = YES;
				GCC_WARN_UNINITIALIZED_AUTOS = YES_AGGRESSIVE;
				GCC_WARN_UNUSED_FUNCTION = YES;
				GCC_WARN_UNUSED_VARIABLE = YES;
				IPHONEOS_DEPLOYMENT_TARGET = 14.2;
				MTL_ENABLE_DEBUG_INFO = NO;
				MTL_FAST_MATH = YES;
				SDKROOT = iphoneos;
				SWIFT_COMPILATION_MODE = wholemodule;
				SWIFT_OPTIMIZATION_LEVEL = "-O";
				VALIDATE_PRODUCT = YES;
			};
			name = Release;
		};
		3222691925BC4C040088F8DD /* Debug */ = {
			isa = XCBuildConfiguration;
			buildSettings = {
				ASSETCATALOG_COMPILER_APPICON_NAME = AppIcon;
				ASSETCATALOG_COMPILER_GLOBAL_ACCENT_COLOR_NAME = AccentColor;
				CODE_SIGN_STYLE = Automatic;
				INFOPLIST_FILE = Pokedex/Info.plist;
				LD_RUNPATH_SEARCH_PATHS = (
					"$(inherited)",
					"@executable_path/Frameworks",
				);
				PRODUCT_BUNDLE_IDENTIFIER = test.juanj.Pokedex;
				PRODUCT_NAME = "$(TARGET_NAME)";
				SWIFT_VERSION = 5.0;
				TARGETED_DEVICE_FAMILY = 1;
			};
			name = Debug;
		};
		3222691A25BC4C040088F8DD /* Release */ = {
			isa = XCBuildConfiguration;
			buildSettings = {
				ASSETCATALOG_COMPILER_APPICON_NAME = AppIcon;
				ASSETCATALOG_COMPILER_GLOBAL_ACCENT_COLOR_NAME = AccentColor;
				CODE_SIGN_STYLE = Automatic;
				INFOPLIST_FILE = Pokedex/Info.plist;
				LD_RUNPATH_SEARCH_PATHS = (
					"$(inherited)",
					"@executable_path/Frameworks",
				);
				PRODUCT_BUNDLE_IDENTIFIER = test.juanj.Pokedex;
				PRODUCT_NAME = "$(TARGET_NAME)";
				SWIFT_VERSION = 5.0;
				TARGETED_DEVICE_FAMILY = 1;
			};
			name = Release;
		};
		3222691C25BC4C040088F8DD /* Debug */ = {
			isa = XCBuildConfiguration;
			buildSettings = {
				ALWAYS_EMBED_SWIFT_STANDARD_LIBRARIES = YES;
				BUNDLE_LOADER = "$(TEST_HOST)";
				CODE_SIGN_STYLE = Automatic;
				INFOPLIST_FILE = PokedexTests/Info.plist;
				IPHONEOS_DEPLOYMENT_TARGET = 14.2;
				LD_RUNPATH_SEARCH_PATHS = (
					"$(inherited)",
					"@executable_path/Frameworks",
					"@loader_path/Frameworks",
				);
				PRODUCT_BUNDLE_IDENTIFIER = test.juanj.PokedexTests;
				PRODUCT_NAME = "$(TARGET_NAME)";
				SWIFT_VERSION = 5.0;
				TARGETED_DEVICE_FAMILY = "1,2";
				TEST_HOST = "$(BUILT_PRODUCTS_DIR)/Pokedex.app/Pokedex";
			};
			name = Debug;
		};
		3222691D25BC4C040088F8DD /* Release */ = {
			isa = XCBuildConfiguration;
			buildSettings = {
				ALWAYS_EMBED_SWIFT_STANDARD_LIBRARIES = YES;
				BUNDLE_LOADER = "$(TEST_HOST)";
				CODE_SIGN_STYLE = Automatic;
				INFOPLIST_FILE = PokedexTests/Info.plist;
				IPHONEOS_DEPLOYMENT_TARGET = 14.2;
				LD_RUNPATH_SEARCH_PATHS = (
					"$(inherited)",
					"@executable_path/Frameworks",
					"@loader_path/Frameworks",
				);
				PRODUCT_BUNDLE_IDENTIFIER = test.juanj.PokedexTests;
				PRODUCT_NAME = "$(TARGET_NAME)";
				SWIFT_VERSION = 5.0;
				TARGETED_DEVICE_FAMILY = "1,2";
				TEST_HOST = "$(BUILT_PRODUCTS_DIR)/Pokedex.app/Pokedex";
			};
			name = Release;
		};
/* End XCBuildConfiguration section */

/* Begin XCConfigurationList section */
		322268E925BC4C030088F8DD /* Build configuration list for PBXProject "Pokedex" */ = {
			isa = XCConfigurationList;
			buildConfigurations = (
				3222691625BC4C040088F8DD /* Debug */,
				3222691725BC4C040088F8DD /* Release */,
			);
			defaultConfigurationIsVisible = 0;
			defaultConfigurationName = Release;
		};
		3222691825BC4C040088F8DD /* Build configuration list for PBXNativeTarget "Pokedex" */ = {
			isa = XCConfigurationList;
			buildConfigurations = (
				3222691925BC4C040088F8DD /* Debug */,
				3222691A25BC4C040088F8DD /* Release */,
			);
			defaultConfigurationIsVisible = 0;
			defaultConfigurationName = Release;
		};
		3222691B25BC4C040088F8DD /* Build configuration list for PBXNativeTarget "PokedexTests" */ = {
			isa = XCConfigurationList;
			buildConfigurations = (
				3222691C25BC4C040088F8DD /* Debug */,
				3222691D25BC4C040088F8DD /* Release */,
			);
			defaultConfigurationIsVisible = 0;
			defaultConfigurationName = Release;
		};
/* End XCConfigurationList section */
	};
	rootObject = 322268E625BC4C030088F8DD /* Project object */;
}
